
Microsoft Visual Studio Solution File, Format Version 12.00
# Visual Studio Version 17
VisualStudioVersion = 17.9.34902.65
MinimumVisualStudioVersion = 10.0.40219.1
Project("{FAE04EC0-301F-11D3-BF4B-00C04F79EFBC}") = "EscapeRoom_2DUnity.Scripts", "EscapeRoom_2DUnity.Scripts\EscapeRoom_2DUnity.Scripts.csproj", "{3A35CDC3-1BCD-40DD-8AC9-5B2F70FCA08D}"
EndProject
Global
	GlobalSection(SolutionConfigurationPlatforms) = preSolution
		Debug|Any CPU = Debug|Any CPU
		Release|Any CPU = Release|Any CPU
	EndGlobalSection
	GlobalSection(ProjectConfigurationPlatforms) = postSolution
		{3A35CDC3-1BCD-40DD-8AC9-5B2F70FCA08D}.Debug|Any CPU.ActiveCfg = Debug|Any CPU
		{3A35CDC3-1BCD-40DD-8AC9-5B2F70FCA08D}.Debug|Any CPU.Build.0 = Debug|Any CPU
		{3A35CDC3-1BCD-40DD-8AC9-5B2F70FCA08D}.Release|Any CPU.ActiveCfg = Release|Any CPU
		{3A35CDC3-1BCD-40DD-8AC9-5B2F70FCA08D}.Release|Any CPU.Build.0 = Release|Any CPU
	EndGlobalSection
	GlobalSection(SolutionProperties) = preSolution
		HideSolutionNode = FALSE
	EndGlobalSection
	GlobalSection(ExtensibilityGlobals) = postSolution
		SolutionGuid = {E5D78E38-0F77-4B39-AD6C-C6BAE6B6F808}
	EndGlobalSection
EndGlobal
