
Microsoft Visual Studio Solution File, Format Version 11.00
# Visual Studio 2010
Project("{FAE04EC0-301F-11D3-BF4B-00C04F79EFBC}") = "Unity.Timeline", "Unity.Timeline.csproj", "{865c8761-d745-13a3-7f3d-0a0e33e41461}"
EndProject
Project("{FAE04EC0-301F-11D3-BF4B-00C04F79EFBC}") = "Unity.InputSystem", "Unity.InputSystem.csproj", "{c2565841-05c5-27df-98b5-830d95697f35}"
EndProject
Project("{FAE04EC0-301F-11D3-BF4B-00C04F79EFBC}") = "Unity.ShaderGraph.Editor", "Unity.ShaderGraph.Editor.csproj", "{60678d1c-dcb5-8a98-4b10-ef2a6739c2e5}"
EndProject
Project("{FAE04EC0-301F-11D3-BF4B-00C04F79EFBC}") = "Unity.2D.Aseprite.Editor", "Unity.2D.Aseprite.Editor.csproj", "{33120ca5-bac0-93c2-9c36-b264500282c4}"
EndProject
Project("{FAE04EC0-301F-11D3-BF4B-00C04F79EFBC}") = "Unity.VisualScripting.Flow", "Unity.VisualScripting.Flow.csproj", "{77d1e2c0-d69a-7148-5a58-ac97868a8fe9}"
EndProject
Project("{FAE04EC0-301F-11D3-BF4B-00C04F79EFBC}") = "Unity.RenderPipelines.Universal.Runtime", "Unity.RenderPipelines.Universal.Runtime.csproj", "{2fddebb9-9987-64f8-aa38-8210a388ed43}"
EndProject
Project("{FAE04EC0-301F-11D3-BF4B-00C04F79EFBC}") = "UnityEditor.UI", "UnityEditor.UI.csproj", "{0a72988d-3c31-6e0b-877f-0fc856e5f982}"
EndProject
Project("{FAE04EC0-301F-11D3-BF4B-00C04F79EFBC}") = "Unity.Timeline.Editor", "Unity.Timeline.Editor.csproj", "{c89dcbea-2831-3521-f97d-ac761a455a39}"
EndProject
Project("{FAE04EC0-301F-11D3-BF4B-00C04F79EFBC}") = "Unity.PlasticSCM.Editor", "Unity.PlasticSCM.Editor.csproj", "{b495e1bc-df8f-c6e2-ca45-8f46a13bed6e}"
EndProject
Project("{FAE04EC0-301F-11D3-BF4B-00C04F79EFBC}") = "Unity.RenderPipelines.Core.Runtime", "Unity.RenderPipelines.Core.Runtime.csproj", "{27796e97-7d3a-0c5a-aed2-e79c42fac90f}"
EndProject
Project("{FAE04EC0-301F-11D3-BF4B-00C04F79EFBC}") = "Unity.Mathematics", "Unity.Mathematics.csproj", "{1e2a09ff-10dc-5bcb-9735-03713d77762f}"
EndProject
Project("{FAE04EC0-301F-11D3-BF4B-00C04F79EFBC}") = "Unity.RenderPipelines.Core.Editor", "Unity.RenderPipelines.Core.Editor.csproj", "{35614e59-7fb4-6eda-dd9d-5c81f0dd5596}"
EndProject
Project("{FAE04EC0-301F-11D3-BF4B-00C04F79EFBC}") = "Unity.2D.Common.Path.Editor", "Unity.2D.Common.Path.Editor.csproj", "{690207d7-6e8d-27b1-7e64-2a80bb48d7cd}"
EndProject
Project("{FAE04EC0-301F-11D3-BF4B-00C04F79EFBC}") = "Unity.2D.Psdimporter.Editor", "Unity.2D.Psdimporter.Editor.csproj", "{35bd2689-8fc0-97a5-5822-bc408a75ff9a}"
EndProject
Project("{FAE04EC0-301F-11D3-BF4B-00C04F79EFBC}") = "Unity.VisualScripting.Core.Editor", "Unity.VisualScripting.Core.Editor.csproj", "{18be2aa8-7587-0924-41de-c1f20f2a0f73}"
EndProject
Project("{FAE04EC0-301F-11D3-BF4B-00C04F79EFBC}") = "Unity.2D.IK.Runtime", "Unity.2D.IK.Runtime.csproj", "{3757cca6-4ca3-b364-df35-6a0c2ac513bf}"
EndProject
Project("{FAE04EC0-301F-11D3-BF4B-00C04F79EFBC}") = "UnityEditor.TestRunner", "UnityEditor.TestRunner.csproj", "{867343d1-bc1b-ea93-b20a-71c0f034b67c}"
EndProject
Project("{FAE04EC0-301F-11D3-BF4B-00C04F79EFBC}") = "Unity.RenderPipelines.Universal.Editor", "Unity.RenderPipelines.Universal.Editor.csproj", "{1a73504b-afe3-34dc-cd72-85a786de8341}"
EndProject
Project("{FAE04EC0-301F-11D3-BF4B-00C04F79EFBC}") = "Unity.TextMeshPro.Editor", "Unity.TextMeshPro.Editor.csproj", "{d88738c7-8749-10ba-3129-6f4af92f889b}"
EndProject
Project("{FAE04EC0-301F-11D3-BF4B-00C04F79EFBC}") = "Unity.VisualScripting.Flow.Editor", "Unity.VisualScripting.Flow.Editor.csproj", "{f4c5b135-e47b-2538-22ff-57a56a31377a}"
EndProject
Project("{FAE04EC0-301F-11D3-BF4B-00C04F79EFBC}") = "UnityEngine.TestRunner", "UnityEngine.TestRunner.csproj", "{8c789554-bd7d-95ff-9221-c0de031ff25d}"
EndProject
Project("{FAE04EC0-301F-11D3-BF4B-00C04F79EFBC}") = "Unity.VisualScripting.Core", "Unity.VisualScripting.Core.csproj", "{01beae8b-6b69-38f5-ada6-44b2d13035df}"
EndProject
Project("{FAE04EC0-301F-11D3-BF4B-00C04F79EFBC}") = "Unity.2D.Tilemap.Editor", "Unity.2D.Tilemap.Editor.csproj", "{1451be19-99ef-84b4-c831-83d0eee8daef}"
EndProject
Project("{FAE04EC0-301F-11D3-BF4B-00C04F79EFBC}") = "Unity.Searcher.Editor", "Unity.Searcher.Editor.csproj", "{3ea8b6e0-73ca-76d9-b3bb-f4f0624268f8}"
EndProject
Project("{FAE04EC0-301F-11D3-BF4B-00C04F79EFBC}") = "Unity.Burst", "Unity.Burst.csproj", "{0264f182-d296-3b19-cef3-9d28a3f130c1}"
EndProject
Project("{FAE04EC0-301F-11D3-BF4B-00C04F79EFBC}") = "PsdPlugin", "PsdPlugin.csproj", "{131d8a3b-4a80-0f2b-c8c2-ab84b0906762}"
EndProject
Project("{FAE04EC0-301F-11D3-BF4B-00C04F79EFBC}") = "Unity.Collections", "Unity.Collections.csproj", "{5fcb864d-e051-9f92-b723-c5515df40bed}"
EndProject
Project("{FAE04EC0-301F-11D3-BF4B-00C04F79EFBC}") = "Unity.2D.Animation.Editor", "Unity.2D.Animation.Editor.csproj", "{d2e11f2b-b90a-dd43-207a-be18b24a29c3}"
EndProject
Project("{FAE04EC0-301F-11D3-BF4B-00C04F79EFBC}") = "Unity.2D.SpriteShape.Editor", "Unity.2D.SpriteShape.Editor.csproj", "{96c0e390-0b5b-d702-886e-22f3a0abb930}"
EndProject
Project("{FAE04EC0-301F-11D3-BF4B-00C04F79EFBC}") = "Unity.VisualStudio.Editor", "Unity.VisualStudio.Editor.csproj", "{69be10fd-23c8-4b6e-5655-eee3f47dcffa}"
EndProject
Project("{FAE04EC0-301F-11D3-BF4B-00C04F79EFBC}") = "PPv2URPConverters", "PPv2URPConverters.csproj", "{99d33fd1-69db-c07e-53c6-cdfc3e3e846b}"
EndProject
Project("{FAE04EC0-301F-11D3-BF4B-00C04F79EFBC}") = "Unity.Rider.Editor", "Unity.Rider.Editor.csproj", "{f004d592-3207-0f2c-ea45-2bdaa39232b9}"
EndProject
Project("{FAE04EC0-301F-11D3-BF4B-00C04F79EFBC}") = "Unity.InternalAPIEditorBridge.001", "Unity.InternalAPIEditorBridge.001.csproj", "{d87f034b-b43b-d593-a8f7-75da6f4fa6e7}"
EndProject
Project("{FAE04EC0-301F-11D3-BF4B-00C04F79EFBC}") = "Unity.2D.SpriteShape.Runtime", "Unity.2D.SpriteShape.Runtime.csproj", "{2afdbe28-d0f8-7556-615f-20d368262a53}"
EndProject
Project("{FAE04EC0-301F-11D3-BF4B-00C04F79EFBC}") = "Unity.VisualScripting.State.Editor", "Unity.VisualScripting.State.Editor.csproj", "{ef8949d9-96ce-8480-ea7a-d2e45c051f80}"
EndProject
Project("{FAE04EC0-301F-11D3-BF4B-00C04F79EFBC}") = "UnityEngine.UI", "UnityEngine.UI.csproj", "{b1d88f08-298f-2b8b-2ccb-69e3181c089d}"
EndProject
Project("{FAE04EC0-301F-11D3-BF4B-00C04F79EFBC}") = "Unity.Burst.CodeGen", "Unity.Burst.CodeGen.csproj", "{f2a8ac81-0814-70e0-863e-5c41f9ee72a2}"
EndProject
Project("{FAE04EC0-301F-11D3-BF4B-00C04F79EFBC}") = "Unity.RenderPipeline.Universal.ShaderLibrary", "Unity.RenderPipeline.Universal.ShaderLibrary.csproj", "{6d8b9eb7-2051-fca6-5cea-1cc8fceb21ca}"
EndProject
Project("{FAE04EC0-301F-11D3-BF4B-00C04F79EFBC}") = "Unity.VisualScripting.State", "Unity.VisualScripting.State.csproj", "{08ffe2b7-ac4b-87c1-941b-caaec6a68e6d}"
EndProject
Project("{FAE04EC0-301F-11D3-BF4B-00C04F79EFBC}") = "Unity.TextMeshPro", "Unity.TextMeshPro.csproj", "{22dae641-0992-426b-f498-b0899d6c839c}"
EndProject
Project("{FAE04EC0-301F-11D3-BF4B-00C04F79EFBC}") = "Unity.2D.Tilemap.Extras.Editor", "Unity.2D.Tilemap.Extras.Editor.csproj", "{a951f21e-4f39-c0dc-ea79-d70a961ee989}"
EndProject
Project("{FAE04EC0-301F-11D3-BF4B-00C04F79EFBC}") = "Unity.2D.Animation.Runtime", "Unity.2D.Animation.Runtime.csproj", "{c8c1d31d-2c1a-7dc3-3959-e4cc3483ba8b}"
EndProject
Project("{FAE04EC0-301F-11D3-BF4B-00C04F79EFBC}") = "Unity.VisualScripting.SettingsProvider.Editor", "Unity.VisualScripting.SettingsProvider.Editor.csproj", "{4f4535e6-4ad4-5bf6-1cdb-9d2152b301c7}"
EndProject
Project("{FAE04EC0-301F-11D3-BF4B-00C04F79EFBC}") = "Unity.2D.IK.Editor", "Unity.2D.IK.Editor.csproj", "{4b31534a-5e28-af4a-0ae7-0a1ad615026b}"
EndProject
Project("{FAE04EC0-301F-11D3-BF4B-00C04F79EFBC}") = "Unity.InternalAPIEngineBridge.001", "Unity.InternalAPIEngineBridge.001.csproj", "{c28d0044-80a9-d662-0120-425f6c9ce0dc}"
EndProject
Project("{FAE04EC0-301F-11D3-BF4B-00C04F79EFBC}") = "Unity.2D.Aseprite.Common", "Unity.2D.Aseprite.Common.csproj", "{0dfb963e-8160-b4c1-1f2d-70926b0bf83f}"
EndProject
Project("{FAE04EC0-301F-11D3-BF4B-00C04F79EFBC}") = "Unity.Burst.Editor", "Unity.Burst.Editor.csproj", "{506f674f-61db-213a-cf54-ae13de5375a5}"
EndProject
Project("{FAE04EC0-301F-11D3-BF4B-00C04F79EFBC}") = "Unity.2D.Common.Editor", "Unity.2D.Common.Editor.csproj", "{619a398d-f184-898b-35c0-c441bb73f3c5}"
EndProject
Project("{FAE04EC0-301F-11D3-BF4B-00C04F79EFBC}") = "Unity.2D.PixelPerfect", "Unity.2D.PixelPerfect.csproj", "{3c96db26-0622-5952-2167-cb8718ab2290}"
EndProject
Project("{FAE04EC0-301F-11D3-BF4B-00C04F79EFBC}") = "Unity.2D.PixelPerfect.Editor", "Unity.2D.PixelPerfect.Editor.csproj", "{0220e48c-9ba6-48fe-8c88-284f541d5200}"
EndProject
Project("{FAE04EC0-301F-11D3-BF4B-00C04F79EFBC}") = "Unity.2D.Common.Runtime", "Unity.2D.Common.Runtime.csproj", "{35692541-9835-86f6-3485-d6c2f097bc95}"
EndProject
Project("{FAE04EC0-301F-11D3-BF4B-00C04F79EFBC}") = "Unity.2D.Sprite.Editor", "Unity.2D.Sprite.Editor.csproj", "{268ffe19-0203-703e-fcc6-939152292bb1}"
EndProject
Project("{FAE04EC0-301F-11D3-BF4B-00C04F79EFBC}") = "Unity.InputSystem.ForUI", "Unity.InputSystem.ForUI.csproj", "{71af6e0d-1b1d-d912-4129-3b23e24d112e}"
EndProject
Project("{FAE04EC0-301F-11D3-BF4B-00C04F79EFBC}") = "Unity.Mathematics.Editor", "Unity.Mathematics.Editor.csproj", "{6d2a472d-e009-a860-bb56-312b6ec1b273}"
EndProject
Project("{FAE04EC0-301F-11D3-BF4B-00C04F79EFBC}") = "Unity.2D.Tilemap.Extras", "Unity.2D.Tilemap.Extras.csproj", "{38c068ff-8c39-0d23-1d2f-3c344880621f}"
EndProject
Project("{FAE04EC0-301F-11D3-BF4B-00C04F79EFBC}") = "Unity.InputSystem.TestFramework", "Unity.InputSystem.TestFramework.csproj", "{948683c0-a91a-cfe3-d40a-e013dad2fef7}"
EndProject
Project("{FAE04EC0-301F-11D3-BF4B-00C04F79EFBC}") = "Unity.ShaderGraph.Utilities", "Unity.ShaderGraph.Utilities.csproj", "{56dee971-dab2-6191-239f-2ca8e74abdeb}"
EndProject
Project("{FAE04EC0-301F-11D3-BF4B-00C04F79EFBC}") = "Assembly-CSharp", "Assembly-CSharp.csproj", "{223ccb16-6552-0c36-090c-6ca5fb018274}"
EndProject
Project("{FAE04EC0-301F-11D3-BF4B-00C04F79EFBC}") = "Unity.VisualScripting.Shared.Editor", "Unity.VisualScripting.Shared.Editor.csproj", "{fd29c6e1-b71d-d831-3e57-2f5263be3f16}"
EndProject
Project("{FAE04EC0-301F-11D3-BF4B-00C04F79EFBC}") = "Unity.Collections.DocCodeSamples", "Unity.Collections.DocCodeSamples.csproj", "{7d0f8f94-d567-6df8-3c27-dc2aa6fec9a9}"
EndProject
Project("{FAE04EC0-301F-11D3-BF4B-00C04F79EFBC}") = "Unity.Collections.BurstCompatibilityGen", "Unity.Collections.BurstCompatibilityGen.csproj", "{dc155f79-6a44-2b90-ae6a-ffcc681d5518}"
EndProject
Project("{FAE04EC0-301F-11D3-BF4B-00C04F79EFBC}") = "Unity.RenderPipelines.Universal.Config.Runtime", "Unity.RenderPipelines.Universal.Config.Runtime.csproj", "{81a44349-fb53-5416-a0ae-035b41b131f2}"
EndProject
Project("{FAE04EC0-301F-11D3-BF4B-00C04F79EFBC}") = "Unity.CollabProxy.Editor", "Unity.CollabProxy.Editor.csproj", "{4ccbcb05-ae81-e904-5aed-b9542393fb94}"
EndProject
Project("{FAE04EC0-301F-11D3-BF4B-00C04F79EFBC}") = "Unity.RenderPipelines.ShaderGraph.ShaderGraphLibrary", "Unity.RenderPipelines.ShaderGraph.ShaderGraphLibrary.csproj", "{07668785-4cf4-9f3e-cbd4-e35808a7a02c}"
EndProject
Project("{FAE04EC0-301F-11D3-BF4B-00C04F79EFBC}") = "Unity.RenderPipelines.Core.ShaderLibrary", "Unity.RenderPipelines.Core.ShaderLibrary.csproj", "{64280289-0681-0986-8817-a15cd32944d4}"
EndProject
Project("{FAE04EC0-301F-11D3-BF4B-00C04F79EFBC}") = "Unity.RenderPipelines.Universal.Shaders", "Unity.RenderPipelines.Universal.Shaders.csproj", "{a470e11f-c708-7e45-ca1a-73235c8ab335}"
EndProject
Project("{FAE04EC0-301F-11D3-BF4B-00C04F79EFBC}") = "Unity.Timeline", "Unity.Timeline.Player.csproj", "{4625b169-67d2-ecb0-e95b-272b515b4632}"
EndProject
Project("{FAE04EC0-301F-11D3-BF4B-00C04F79EFBC}") = "Unity.InputSystem", "Unity.InputSystem.Player.csproj", "{d1d8b1f1-e2e5-69dd-7c03-3525959b35ca}"
EndProject
Project("{FAE04EC0-301F-11D3-BF4B-00C04F79EFBC}") = "Unity.VisualScripting.Flow", "Unity.VisualScripting.Flow.Player.csproj", "{800e1cd1-788b-364b-974a-8223df4d57aa}"
EndProject
Project("{FAE04EC0-301F-11D3-BF4B-00C04F79EFBC}") = "Unity.RenderPipelines.Universal.Runtime", "Unity.RenderPipelines.Universal.Runtime.Player.csproj", "{d23c527c-e81a-813e-0de9-e3714ac6e88a}"
EndProject
Project("{FAE04EC0-301F-11D3-BF4B-00C04F79EFBC}") = "Unity.RenderPipelines.Core.Runtime", "Unity.RenderPipelines.Core.Runtime.Player.csproj", "{2a19ff7f-a12a-74f8-455b-cad621431cb6}"
EndProject
Project("{FAE04EC0-301F-11D3-BF4B-00C04F79EFBC}") = "Unity.Mathematics", "Unity.Mathematics.Player.csproj", "{1c4f6c70-1dcd-ec51-aca6-254ebb76c1a7}"
EndProject
Project("{FAE04EC0-301F-11D3-BF4B-00C04F79EFBC}") = "Unity.2D.IK.Runtime", "Unity.2D.IK.Runtime.Player.csproj", "{c558364a-581b-4ee7-bfd3-cefa4bcc4a88}"
EndProject
Project("{FAE04EC0-301F-11D3-BF4B-00C04F79EFBC}") = "UnityEngine.TestRunner", "UnityEngine.TestRunner.Player.csproj", "{8ef830a1-4a0c-7171-e88e-db8bee41c027}"
EndProject
Project("{FAE04EC0-301F-11D3-BF4B-00C04F79EFBC}") = "Unity.VisualScripting.Core", "Unity.VisualScripting.Core.Player.csproj", "{52fee65a-7534-cc3d-74d7-5200d5b147fa}"
EndProject
Project("{FAE04EC0-301F-11D3-BF4B-00C04F79EFBC}") = "Unity.Burst", "Unity.Burst.Player.csproj", "{67e065d0-c3df-996b-190d-fe4f21d8a1f7}"
EndProject
Project("{FAE04EC0-301F-11D3-BF4B-00C04F79EFBC}") = "Unity.Collections", "Unity.Collections.Player.csproj", "{0534cf5b-0e42-ba29-dc34-c26f5410f7a6}"
EndProject
Project("{FAE04EC0-301F-11D3-BF4B-00C04F79EFBC}") = "Unity.2D.SpriteShape.Runtime", "Unity.2D.SpriteShape.Runtime.Player.csproj", "{33176a0c-b3e4-4378-895a-bbe964c16233}"
EndProject
Project("{FAE04EC0-301F-11D3-BF4B-00C04F79EFBC}") = "UnityEngine.UI", "UnityEngine.UI.Player.csproj", "{617ae747-1580-d701-fae8-c4abef1dbec7}"
EndProject
Project("{FAE04EC0-301F-11D3-BF4B-00C04F79EFBC}") = "Unity.RenderPipeline.Universal.ShaderLibrary", "Unity.RenderPipeline.Universal.ShaderLibrary.Player.csproj", "{1bb8ea89-81d2-441e-ab5b-16461d1ff5e9}"
EndProject
Project("{FAE04EC0-301F-11D3-BF4B-00C04F79EFBC}") = "Unity.VisualScripting.State", "Unity.VisualScripting.State.Player.csproj", "{b64ea27c-a9cd-269f-c0ad-27c310efc39a}"
EndProject
Project("{FAE04EC0-301F-11D3-BF4B-00C04F79EFBC}") = "Unity.TextMeshPro", "Unity.TextMeshPro.Player.csproj", "{a9d3b706-a00c-1517-c890-44a7a0c953c3}"
EndProject
Project("{FAE04EC0-301F-11D3-BF4B-00C04F79EFBC}") = "Unity.2D.Animation.Runtime", "Unity.2D.Animation.Runtime.Player.csproj", "{49c3ad02-cfec-d8b9-25a8-52d5ac6003f1}"
EndProject
Project("{FAE04EC0-301F-11D3-BF4B-00C04F79EFBC}") = "Unity.InternalAPIEngineBridge.001", "Unity.InternalAPIEngineBridge.001.Player.csproj", "{28f582a3-017b-f22e-4179-52dbb49a6b9f}"
EndProject
Project("{FAE04EC0-301F-11D3-BF4B-00C04F79EFBC}") = "Unity.2D.PixelPerfect", "Unity.2D.PixelPerfect.Player.csproj", "{c5b0e295-374b-581c-c32f-55817763b090}"
EndProject
Project("{FAE04EC0-301F-11D3-BF4B-00C04F79EFBC}") = "Unity.2D.Common.Runtime", "Unity.2D.Common.Runtime.Player.csproj", "{7dc5d393-bf77-59dc-3f0d-02aae9df18dc}"
EndProject
Project("{FAE04EC0-301F-11D3-BF4B-00C04F79EFBC}") = "Unity.InputSystem.ForUI", "Unity.InputSystem.ForUI.Player.csproj", "{728db72c-8505-d866-fe5c-32e569730277}"
EndProject
Project("{FAE04EC0-301F-11D3-BF4B-00C04F79EFBC}") = "Unity.2D.Tilemap.Extras", "Unity.2D.Tilemap.Extras.Player.csproj", "{d296ed84-57a2-ee36-54ec-601f9f10ef1b}"
EndProject
Project("{FAE04EC0-301F-11D3-BF4B-00C04F79EFBC}") = "Unity.InputSystem.TestFramework", "Unity.InputSystem.TestFramework.Player.csproj", "{af1ce8d1-547e-1d5f-7042-94b829cb9d33}"
EndProject
Project("{FAE04EC0-301F-11D3-BF4B-00C04F79EFBC}") = "Assembly-CSharp", "Assembly-CSharp.Player.csproj", "{da2b7080-bf55-489b-0b4c-d80f09cd0a9b}"
EndProject
Project("{FAE04EC0-301F-11D3-BF4B-00C04F79EFBC}") = "Unity.RenderPipelines.Universal.Config.Runtime", "Unity.RenderPipelines.Universal.Config.Runtime.Player.csproj", "{88a8f3ab-f2a1-4aaf-ca88-91e2b0e8f899}"
EndProject
Project("{FAE04EC0-301F-11D3-BF4B-00C04F79EFBC}") = "Unity.RenderPipelines.ShaderGraph.ShaderGraphLibrary", "Unity.RenderPipelines.ShaderGraph.ShaderGraphLibrary.Player.csproj", "{93cf56db-be1b-9ab2-66f8-1b1e0906a9c8}"
EndProject
Project("{FAE04EC0-301F-11D3-BF4B-00C04F79EFBC}") = "Unity.RenderPipelines.Core.ShaderLibrary", "Unity.RenderPipelines.Core.ShaderLibrary.Player.csproj", "{7f65ff36-79f2-bbbe-f17c-bbb294d22b27}"
EndProject
Project("{FAE04EC0-301F-11D3-BF4B-00C04F79EFBC}") = "Unity.RenderPipelines.Universal.Shaders", "Unity.RenderPipelines.Universal.Shaders.Player.csproj", "{4ea30eaf-d3ef-512b-7e0d-aab38ecae206}"
EndProject
Project("{FAE04EC0-301F-11D3-BF4B-00C04F79EFBC}") = "Assembly-CSharp-Editor", "Assembly-CSharp-Editor.csproj", "{81c07e98-ac6e-b23b-c353-2e1d878fbbd2}"
EndProject
Project("{FAE04EC0-301F-11D3-BF4B-00C04F79EFBC}") = "Unity.Mathematics.Tests", "Unity.Mathematics.Tests.csproj", "{999ca372-c712-cd44-cb2b-69c9f0fc68c0}"
EndProject
Project("{FAE04EC0-301F-11D3-BF4B-00C04F79EFBC}") = "Unity.2D.Aseprite.EditorTests", "Unity.2D.Aseprite.EditorTests.csproj", "{6141b342-4550-9445-28c3-f8f8fbc666eb}"
EndProject
Project("{FAE04EC0-301F-11D3-BF4B-00C04F79EFBC}") = "Unity.RenderPipelines.Core.Editor.Tests", "Unity.RenderPipelines.Core.Editor.Tests.csproj", "{3d81ce83-c044-58e7-202a-33e65d15caae}"
EndProject
Project("{FAE04EC0-301F-11D3-BF4B-00C04F79EFBC}") = "Unity.RenderPipelines.Universal.Config.Editor.Tests", "Unity.RenderPipelines.Universal.Config.Editor.Tests.csproj", "{e21e0268-dcc4-f379-56aa-99be530438cf}"
EndProject
Project("{FAE04EC0-301F-11D3-BF4B-00C04F79EFBC}") = "Unity.2D.Sprite.Package.EditorTests", "Unity.2D.Sprite.Package.EditorTests.csproj", "{8ec990e8-f27d-deb2-bd4c-7c4e3660db8c}"
EndProject
Project("{FAE04EC0-301F-11D3-BF4B-00C04F79EFBC}") = "Unity.Burst.Tests.UnitTests", "Unity.Burst.Tests.UnitTests.csproj", "{8343fe1f-e6dc-39b9-af8a-588567b05c80}"
EndProject
Project("{FAE04EC0-301F-11D3-BF4B-00C04F79EFBC}") = "Unity.2D.PixelPerfect.EditorTests", "Unity.2D.PixelPerfect.EditorTests.csproj", "{b9cbd990-5b99-d428-85f8-9874e0f2306e}"
EndProject
Project("{FAE04EC0-301F-11D3-BF4B-00C04F79EFBC}") = "Unity.2D.SpriteShape.EditorTests", "Unity.2D.SpriteShape.EditorTests.csproj", "{757ea5f3-bc6b-19b3-48e8-b143bcb4f0db}"
EndProject
Project("{FAE04EC0-301F-11D3-BF4B-00C04F79EFBC}") = "Unity.2D.Common.EditorTests", "Unity.2D.Common.EditorTests.csproj", "{a7a0ff82-297a-3156-a24b-fe1271315a78}"
EndProject
Project("{FAE04EC0-301F-11D3-BF4B-00C04F79EFBC}") = "Unity.Searcher.EditorTests", "Unity.Searcher.EditorTests.csproj", "{f4f6c38a-cba2-e584-8296-27e02d4a4d1f}"
EndProject
Project("{FAE04EC0-301F-11D3-BF4B-00C04F79EFBC}") = "Unity.Burst.Editor.Tests", "Unity.Burst.Editor.Tests.csproj", "{cae6a16e-8381-2c8b-47b7-55e105c8f562}"
EndProject
Project("{FAE04EC0-301F-11D3-BF4B-00C04F79EFBC}") = "Unity.TextMeshPro.Editor.Tests", "Unity.TextMeshPro.Editor.Tests.csproj", "{d16ff1e1-6145-454d-99b8-7879db5e6aa6}"
EndProject
Project("{FAE04EC0-301F-11D3-BF4B-00C04F79EFBC}") = "DocCodeExamples", "DocCodeExamples.csproj", "{9fbeef56-3cbe-2654-1e4c-bc1080c2df10}"
EndProject
Project("{FAE04EC0-301F-11D3-BF4B-00C04F79EFBC}") = "Unity.RenderPipelines.Universal.Editor.Tests", "Unity.RenderPipelines.Universal.Editor.Tests.csproj", "{31602a53-c850-1cab-4a97-5ed9b934c1af}"
EndProject
Project("{FAE04EC0-301F-11D3-BF4B-00C04F79EFBC}") = "Unity.Collections.Tests", "Unity.Collections.Tests.csproj", "{f1d9b505-8802-b65b-03fb-8cab12845587}"
EndProject
Project("{FAE04EC0-301F-11D3-BF4B-00C04F79EFBC}") = "Unity.2D.Psdimporter.EditorTests", "Unity.2D.Psdimporter.EditorTests.csproj", "{6338f0cf-2412-6201-c9bc-ecc1cfebf50b}"
EndProject
Project("{FAE04EC0-301F-11D3-BF4B-00C04F79EFBC}") = "UnityEngine.UI.Tests", "UnityEngine.UI.Tests.csproj", "{b47d4fc2-58bd-790f-a986-47b6aeceab20}"
EndProject
Project("{FAE04EC0-301F-11D3-BF4B-00C04F79EFBC}") = "Unity.InputSystem.IntegrationTests", "Unity.InputSystem.IntegrationTests.csproj", "{7d640ffe-b748-691c-6483-9a7507ed22ae}"
EndProject
Project("{FAE04EC0-301F-11D3-BF4B-00C04F79EFBC}") = "Unity.Collections.Tests.Playmode", "Unity.Collections.Tests.Playmode.csproj", "{18a99c81-2f8c-10fa-cb3c-5a235ec3e294}"
EndProject
Project("{FAE04EC0-301F-11D3-BF4B-00C04F79EFBC}") = "Unity.2D.Animation.EditorTests", "Unity.2D.Animation.EditorTests.csproj", "{eb730edb-3351-08e8-d649-cdf78ad1a370}"
EndProject
Project("{FAE04EC0-301F-11D3-BF4B-00C04F79EFBC}") = "Unity.TextMeshPro.Tests", "Unity.TextMeshPro.Tests.csproj", "{07405133-d867-099c-b458-89f29b1a82c3}"
EndProject
Project("{FAE04EC0-301F-11D3-BF4B-00C04F79EFBC}") = "SeparateAssembly", "SeparateAssembly.csproj", "{acdbe533-bd14-a4b9-58d8-01b4b03cf38e}"
EndProject
Project("{FAE04EC0-301F-11D3-BF4B-00C04F79EFBC}") = "UnityEditor.UI.EditorTests", "UnityEditor.UI.EditorTests.csproj", "{9d184787-21d2-4575-9653-17f35c80fe0f}"
EndProject
Project("{FAE04EC0-301F-11D3-BF4B-00C04F79EFBC}") = "Unity.2D.Tilemap.Package.EditorTests", "Unity.2D.Tilemap.Package.EditorTests.csproj", "{f5b1819e-5c7f-acfe-23c1-1ee0f971f318}"
EndProject
Project("{FAE04EC0-301F-11D3-BF4B-00C04F79EFBC}") = "Unity.RenderPipelines.Universal.Runtime.Tests", "Unity.RenderPipelines.Universal.Runtime.Tests.csproj", "{b3445519-94bd-fd5b-66f4-16bdb47e3607}"
EndProject
Project("{FAE04EC0-301F-11D3-BF4B-00C04F79EFBC}") = "Unity.2D.Tilemap.Extras.Placeholder.EditorTests", "Unity.2D.Tilemap.Extras.Placeholder.EditorTests.csproj", "{31c97618-8976-62b2-d310-120ffa3548fa}"
EndProject
Project("{FAE04EC0-301F-11D3-BF4B-00C04F79EFBC}") = "OverloadedFunctionPointers", "OverloadedFunctionPointers.csproj", "{d03a7003-16e8-ccc3-c114-f0ad6864148b}"
EndProject
Project("{FAE04EC0-301F-11D3-BF4B-00C04F79EFBC}") = "Unity.RenderPipelines.Core.Runtime.Tests", "Unity.RenderPipelines.Core.Runtime.Tests.csproj", "{9e62e4d2-fe2e-d38f-92f2-3f7c852d80ce}"
EndProject
Project("{FAE04EC0-301F-11D3-BF4B-00C04F79EFBC}") = "Unity.ShaderGraph.Editor.Tests", "Unity.ShaderGraph.Editor.Tests.csproj", "{4d042dd1-8ef2-1900-99b4-e9e537cd50e7}"
EndProject
Global
	GlobalSection(SolutionConfigurationPlatforms) = preSolution
		Debug|Any CPU = Debug|Any CPU
	EndGlobalSection
	GlobalSection(ProjectConfigurationPlatforms) = postSolution
		{865c8761-d745-13a3-7f3d-0a0e33e41461}.Debug|Any CPU.ActiveCfg = Debug|Any CPU
		{865c8761-d745-13a3-7f3d-0a0e33e41461}.Debug|Any CPU.Build.0 = Debug|Any CPU
		{c2565841-05c5-27df-98b5-830d95697f35}.Debug|Any CPU.ActiveCfg = Debug|Any CPU
		{c2565841-05c5-27df-98b5-830d95697f35}.Debug|Any CPU.Build.0 = Debug|Any CPU
		{60678d1c-dcb5-8a98-4b10-ef2a6739c2e5}.Debug|Any CPU.ActiveCfg = Debug|Any CPU
		{60678d1c-dcb5-8a98-4b10-ef2a6739c2e5}.Debug|Any CPU.Build.0 = Debug|Any CPU
		{33120ca5-bac0-93c2-9c36-b264500282c4}.Debug|Any CPU.ActiveCfg = Debug|Any CPU
		{33120ca5-bac0-93c2-9c36-b264500282c4}.Debug|Any CPU.Build.0 = Debug|Any CPU
		{77d1e2c0-d69a-7148-5a58-ac97868a8fe9}.Debug|Any CPU.ActiveCfg = Debug|Any CPU
		{77d1e2c0-d69a-7148-5a58-ac97868a8fe9}.Debug|Any CPU.Build.0 = Debug|Any CPU
		{2fddebb9-9987-64f8-aa38-8210a388ed43}.Debug|Any CPU.ActiveCfg = Debug|Any CPU
		{2fddebb9-9987-64f8-aa38-8210a388ed43}.Debug|Any CPU.Build.0 = Debug|Any CPU
		{0a72988d-3c31-6e0b-877f-0fc856e5f982}.Debug|Any CPU.ActiveCfg = Debug|Any CPU
		{0a72988d-3c31-6e0b-877f-0fc856e5f982}.Debug|Any CPU.Build.0 = Debug|Any CPU
		{c89dcbea-2831-3521-f97d-ac761a455a39}.Debug|Any CPU.ActiveCfg = Debug|Any CPU
		{c89dcbea-2831-3521-f97d-ac761a455a39}.Debug|Any CPU.Build.0 = Debug|Any CPU
		{b495e1bc-df8f-c6e2-ca45-8f46a13bed6e}.Debug|Any CPU.ActiveCfg = Debug|Any CPU
		{b495e1bc-df8f-c6e2-ca45-8f46a13bed6e}.Debug|Any CPU.Build.0 = Debug|Any CPU
		{27796e97-7d3a-0c5a-aed2-e79c42fac90f}.Debug|Any CPU.ActiveCfg = Debug|Any CPU
		{27796e97-7d3a-0c5a-aed2-e79c42fac90f}.Debug|Any CPU.Build.0 = Debug|Any CPU
		{1e2a09ff-10dc-5bcb-9735-03713d77762f}.Debug|Any CPU.ActiveCfg = Debug|Any CPU
		{1e2a09ff-10dc-5bcb-9735-03713d77762f}.Debug|Any CPU.Build.0 = Debug|Any CPU
		{35614e59-7fb4-6eda-dd9d-5c81f0dd5596}.Debug|Any CPU.ActiveCfg = Debug|Any CPU
		{35614e59-7fb4-6eda-dd9d-5c81f0dd5596}.Debug|Any CPU.Build.0 = Debug|Any CPU
		{690207d7-6e8d-27b1-7e64-2a80bb48d7cd}.Debug|Any CPU.ActiveCfg = Debug|Any CPU
		{690207d7-6e8d-27b1-7e64-2a80bb48d7cd}.Debug|Any CPU.Build.0 = Debug|Any CPU
		{35bd2689-8fc0-97a5-5822-bc408a75ff9a}.Debug|Any CPU.ActiveCfg = Debug|Any CPU
		{35bd2689-8fc0-97a5-5822-bc408a75ff9a}.Debug|Any CPU.Build.0 = Debug|Any CPU
		{18be2aa8-7587-0924-41de-c1f20f2a0f73}.Debug|Any CPU.ActiveCfg = Debug|Any CPU
		{18be2aa8-7587-0924-41de-c1f20f2a0f73}.Debug|Any CPU.Build.0 = Debug|Any CPU
		{3757cca6-4ca3-b364-df35-6a0c2ac513bf}.Debug|Any CPU.ActiveCfg = Debug|Any CPU
		{3757cca6-4ca3-b364-df35-6a0c2ac513bf}.Debug|Any CPU.Build.0 = Debug|Any CPU
		{867343d1-bc1b-ea93-b20a-71c0f034b67c}.Debug|Any CPU.ActiveCfg = Debug|Any CPU
		{867343d1-bc1b-ea93-b20a-71c0f034b67c}.Debug|Any CPU.Build.0 = Debug|Any CPU
		{1a73504b-afe3-34dc-cd72-85a786de8341}.Debug|Any CPU.ActiveCfg = Debug|Any CPU
		{1a73504b-afe3-34dc-cd72-85a786de8341}.Debug|Any CPU.Build.0 = Debug|Any CPU
		{d88738c7-8749-10ba-3129-6f4af92f889b}.Debug|Any CPU.ActiveCfg = Debug|Any CPU
		{d88738c7-8749-10ba-3129-6f4af92f889b}.Debug|Any CPU.Build.0 = Debug|Any CPU
		{f4c5b135-e47b-2538-22ff-57a56a31377a}.Debug|Any CPU.ActiveCfg = Debug|Any CPU
		{f4c5b135-e47b-2538-22ff-57a56a31377a}.Debug|Any CPU.Build.0 = Debug|Any CPU
		{8c789554-bd7d-95ff-9221-c0de031ff25d}.Debug|Any CPU.ActiveCfg = Debug|Any CPU
		{8c789554-bd7d-95ff-9221-c0de031ff25d}.Debug|Any CPU.Build.0 = Debug|Any CPU
		{01beae8b-6b69-38f5-ada6-44b2d13035df}.Debug|Any CPU.ActiveCfg = Debug|Any CPU
		{01beae8b-6b69-38f5-ada6-44b2d13035df}.Debug|Any CPU.Build.0 = Debug|Any CPU
		{1451be19-99ef-84b4-c831-83d0eee8daef}.Debug|Any CPU.ActiveCfg = Debug|Any CPU
		{1451be19-99ef-84b4-c831-83d0eee8daef}.Debug|Any CPU.Build.0 = Debug|Any CPU
		{3ea8b6e0-73ca-76d9-b3bb-f4f0624268f8}.Debug|Any CPU.ActiveCfg = Debug|Any CPU
		{3ea8b6e0-73ca-76d9-b3bb-f4f0624268f8}.Debug|Any CPU.Build.0 = Debug|Any CPU
		{0264f182-d296-3b19-cef3-9d28a3f130c1}.Debug|Any CPU.ActiveCfg = Debug|Any CPU
		{0264f182-d296-3b19-cef3-9d28a3f130c1}.Debug|Any CPU.Build.0 = Debug|Any CPU
		{131d8a3b-4a80-0f2b-c8c2-ab84b0906762}.Debug|Any CPU.ActiveCfg = Debug|Any CPU
		{131d8a3b-4a80-0f2b-c8c2-ab84b0906762}.Debug|Any CPU.Build.0 = Debug|Any CPU
		{5fcb864d-e051-9f92-b723-c5515df40bed}.Debug|Any CPU.ActiveCfg = Debug|Any CPU
		{5fcb864d-e051-9f92-b723-c5515df40bed}.Debug|Any CPU.Build.0 = Debug|Any CPU
		{d2e11f2b-b90a-dd43-207a-be18b24a29c3}.Debug|Any CPU.ActiveCfg = Debug|Any CPU
		{d2e11f2b-b90a-dd43-207a-be18b24a29c3}.Debug|Any CPU.Build.0 = Debug|Any CPU
		{96c0e390-0b5b-d702-886e-22f3a0abb930}.Debug|Any CPU.ActiveCfg = Debug|Any CPU
		{96c0e390-0b5b-d702-886e-22f3a0abb930}.Debug|Any CPU.Build.0 = Debug|Any CPU
		{69be10fd-23c8-4b6e-5655-eee3f47dcffa}.Debug|Any CPU.ActiveCfg = Debug|Any CPU
		{69be10fd-23c8-4b6e-5655-eee3f47dcffa}.Debug|Any CPU.Build.0 = Debug|Any CPU
		{99d33fd1-69db-c07e-53c6-cdfc3e3e846b}.Debug|Any CPU.ActiveCfg = Debug|Any CPU
		{99d33fd1-69db-c07e-53c6-cdfc3e3e846b}.Debug|Any CPU.Build.0 = Debug|Any CPU
		{f004d592-3207-0f2c-ea45-2bdaa39232b9}.Debug|Any CPU.ActiveCfg = Debug|Any CPU
		{f004d592-3207-0f2c-ea45-2bdaa39232b9}.Debug|Any CPU.Build.0 = Debug|Any CPU
		{d87f034b-b43b-d593-a8f7-75da6f4fa6e7}.Debug|Any CPU.ActiveCfg = Debug|Any CPU
		{d87f034b-b43b-d593-a8f7-75da6f4fa6e7}.Debug|Any CPU.Build.0 = Debug|Any CPU
		{2afdbe28-d0f8-7556-615f-20d368262a53}.Debug|Any CPU.ActiveCfg = Debug|Any CPU
		{2afdbe28-d0f8-7556-615f-20d368262a53}.Debug|Any CPU.Build.0 = Debug|Any CPU
		{ef8949d9-96ce-8480-ea7a-d2e45c051f80}.Debug|Any CPU.ActiveCfg = Debug|Any CPU
		{ef8949d9-96ce-8480-ea7a-d2e45c051f80}.Debug|Any CPU.Build.0 = Debug|Any CPU
		{b1d88f08-298f-2b8b-2ccb-69e3181c089d}.Debug|Any CPU.ActiveCfg = Debug|Any CPU
		{b1d88f08-298f-2b8b-2ccb-69e3181c089d}.Debug|Any CPU.Build.0 = Debug|Any CPU
		{f2a8ac81-0814-70e0-863e-5c41f9ee72a2}.Debug|Any CPU.ActiveCfg = Debug|Any CPU
		{f2a8ac81-0814-70e0-863e-5c41f9ee72a2}.Debug|Any CPU.Build.0 = Debug|Any CPU
		{6d8b9eb7-2051-fca6-5cea-1cc8fceb21ca}.Debug|Any CPU.ActiveCfg = Debug|Any CPU
		{6d8b9eb7-2051-fca6-5cea-1cc8fceb21ca}.Debug|Any CPU.Build.0 = Debug|Any CPU
		{08ffe2b7-ac4b-87c1-941b-caaec6a68e6d}.Debug|Any CPU.ActiveCfg = Debug|Any CPU
		{08ffe2b7-ac4b-87c1-941b-caaec6a68e6d}.Debug|Any CPU.Build.0 = Debug|Any CPU
		{22dae641-0992-426b-f498-b0899d6c839c}.Debug|Any CPU.ActiveCfg = Debug|Any CPU
		{22dae641-0992-426b-f498-b0899d6c839c}.Debug|Any CPU.Build.0 = Debug|Any CPU
		{a951f21e-4f39-c0dc-ea79-d70a961ee989}.Debug|Any CPU.ActiveCfg = Debug|Any CPU
		{a951f21e-4f39-c0dc-ea79-d70a961ee989}.Debug|Any CPU.Build.0 = Debug|Any CPU
		{c8c1d31d-2c1a-7dc3-3959-e4cc3483ba8b}.Debug|Any CPU.ActiveCfg = Debug|Any CPU
		{c8c1d31d-2c1a-7dc3-3959-e4cc3483ba8b}.Debug|Any CPU.Build.0 = Debug|Any CPU
		{4f4535e6-4ad4-5bf6-1cdb-9d2152b301c7}.Debug|Any CPU.ActiveCfg = Debug|Any CPU
		{4f4535e6-4ad4-5bf6-1cdb-9d2152b301c7}.Debug|Any CPU.Build.0 = Debug|Any CPU
		{4b31534a-5e28-af4a-0ae7-0a1ad615026b}.Debug|Any CPU.ActiveCfg = Debug|Any CPU
		{4b31534a-5e28-af4a-0ae7-0a1ad615026b}.Debug|Any CPU.Build.0 = Debug|Any CPU
		{c28d0044-80a9-d662-0120-425f6c9ce0dc}.Debug|Any CPU.ActiveCfg = Debug|Any CPU
		{c28d0044-80a9-d662-0120-425f6c9ce0dc}.Debug|Any CPU.Build.0 = Debug|Any CPU
		{0dfb963e-8160-b4c1-1f2d-70926b0bf83f}.Debug|Any CPU.ActiveCfg = Debug|Any CPU
		{0dfb963e-8160-b4c1-1f2d-70926b0bf83f}.Debug|Any CPU.Build.0 = Debug|Any CPU
		{506f674f-61db-213a-cf54-ae13de5375a5}.Debug|Any CPU.ActiveCfg = Debug|Any CPU
		{506f674f-61db-213a-cf54-ae13de5375a5}.Debug|Any CPU.Build.0 = Debug|Any CPU
		{619a398d-f184-898b-35c0-c441bb73f3c5}.Debug|Any CPU.ActiveCfg = Debug|Any CPU
		{619a398d-f184-898b-35c0-c441bb73f3c5}.Debug|Any CPU.Build.0 = Debug|Any CPU
		{3c96db26-0622-5952-2167-cb8718ab2290}.Debug|Any CPU.ActiveCfg = Debug|Any CPU
		{3c96db26-0622-5952-2167-cb8718ab2290}.Debug|Any CPU.Build.0 = Debug|Any CPU
		{0220e48c-9ba6-48fe-8c88-284f541d5200}.Debug|Any CPU.ActiveCfg = Debug|Any CPU
		{0220e48c-9ba6-48fe-8c88-284f541d5200}.Debug|Any CPU.Build.0 = Debug|Any CPU
		{35692541-9835-86f6-3485-d6c2f097bc95}.Debug|Any CPU.ActiveCfg = Debug|Any CPU
		{35692541-9835-86f6-3485-d6c2f097bc95}.Debug|Any CPU.Build.0 = Debug|Any CPU
		{268ffe19-0203-703e-fcc6-939152292bb1}.Debug|Any CPU.ActiveCfg = Debug|Any CPU
		{268ffe19-0203-703e-fcc6-939152292bb1}.Debug|Any CPU.Build.0 = Debug|Any CPU
		{71af6e0d-1b1d-d912-4129-3b23e24d112e}.Debug|Any CPU.ActiveCfg = Debug|Any CPU
		{71af6e0d-1b1d-d912-4129-3b23e24d112e}.Debug|Any CPU.Build.0 = Debug|Any CPU
		{6d2a472d-e009-a860-bb56-312b6ec1b273}.Debug|Any CPU.ActiveCfg = Debug|Any CPU
		{6d2a472d-e009-a860-bb56-312b6ec1b273}.Debug|Any CPU.Build.0 = Debug|Any CPU
		{38c068ff-8c39-0d23-1d2f-3c344880621f}.Debug|Any CPU.ActiveCfg = Debug|Any CPU
		{38c068ff-8c39-0d23-1d2f-3c344880621f}.Debug|Any CPU.Build.0 = Debug|Any CPU
		{948683c0-a91a-cfe3-d40a-e013dad2fef7}.Debug|Any CPU.ActiveCfg = Debug|Any CPU
		{948683c0-a91a-cfe3-d40a-e013dad2fef7}.Debug|Any CPU.Build.0 = Debug|Any CPU
		{56dee971-dab2-6191-239f-2ca8e74abdeb}.Debug|Any CPU.ActiveCfg = Debug|Any CPU
		{56dee971-dab2-6191-239f-2ca8e74abdeb}.Debug|Any CPU.Build.0 = Debug|Any CPU
		{223ccb16-6552-0c36-090c-6ca5fb018274}.Debug|Any CPU.ActiveCfg = Debug|Any CPU
		{223ccb16-6552-0c36-090c-6ca5fb018274}.Debug|Any CPU.Build.0 = Debug|Any CPU
		{fd29c6e1-b71d-d831-3e57-2f5263be3f16}.Debug|Any CPU.ActiveCfg = Debug|Any CPU
		{fd29c6e1-b71d-d831-3e57-2f5263be3f16}.Debug|Any CPU.Build.0 = Debug|Any CPU
		{7d0f8f94-d567-6df8-3c27-dc2aa6fec9a9}.Debug|Any CPU.ActiveCfg = Debug|Any CPU
		{7d0f8f94-d567-6df8-3c27-dc2aa6fec9a9}.Debug|Any CPU.Build.0 = Debug|Any CPU
		{dc155f79-6a44-2b90-ae6a-ffcc681d5518}.Debug|Any CPU.ActiveCfg = Debug|Any CPU
		{dc155f79-6a44-2b90-ae6a-ffcc681d5518}.Debug|Any CPU.Build.0 = Debug|Any CPU
		{81a44349-fb53-5416-a0ae-035b41b131f2}.Debug|Any CPU.ActiveCfg = Debug|Any CPU
		{81a44349-fb53-5416-a0ae-035b41b131f2}.Debug|Any CPU.Build.0 = Debug|Any CPU
		{4ccbcb05-ae81-e904-5aed-b9542393fb94}.Debug|Any CPU.ActiveCfg = Debug|Any CPU
		{4ccbcb05-ae81-e904-5aed-b9542393fb94}.Debug|Any CPU.Build.0 = Debug|Any CPU
		{07668785-4cf4-9f3e-cbd4-e35808a7a02c}.Debug|Any CPU.ActiveCfg = Debug|Any CPU
		{07668785-4cf4-9f3e-cbd4-e35808a7a02c}.Debug|Any CPU.Build.0 = Debug|Any CPU
		{64280289-0681-0986-8817-a15cd32944d4}.Debug|Any CPU.ActiveCfg = Debug|Any CPU
		{64280289-0681-0986-8817-a15cd32944d4}.Debug|Any CPU.Build.0 = Debug|Any CPU
		{a470e11f-c708-7e45-ca1a-73235c8ab335}.Debug|Any CPU.ActiveCfg = Debug|Any CPU
		{a470e11f-c708-7e45-ca1a-73235c8ab335}.Debug|Any CPU.Build.0 = Debug|Any CPU
		{4625b169-67d2-ecb0-e95b-272b515b4632}.Debug|Any CPU.ActiveCfg = Debug|Any CPU
		{4625b169-67d2-ecb0-e95b-272b515b4632}.Debug|Any CPU.Build.0 = Debug|Any CPU
		{d1d8b1f1-e2e5-69dd-7c03-3525959b35ca}.Debug|Any CPU.ActiveCfg = Debug|Any CPU
		{d1d8b1f1-e2e5-69dd-7c03-3525959b35ca}.Debug|Any CPU.Build.0 = Debug|Any CPU
		{800e1cd1-788b-364b-974a-8223df4d57aa}.Debug|Any CPU.ActiveCfg = Debug|Any CPU
		{800e1cd1-788b-364b-974a-8223df4d57aa}.Debug|Any CPU.Build.0 = Debug|Any CPU
		{d23c527c-e81a-813e-0de9-e3714ac6e88a}.Debug|Any CPU.ActiveCfg = Debug|Any CPU
		{d23c527c-e81a-813e-0de9-e3714ac6e88a}.Debug|Any CPU.Build.0 = Debug|Any CPU
		{2a19ff7f-a12a-74f8-455b-cad621431cb6}.Debug|Any CPU.ActiveCfg = Debug|Any CPU
		{2a19ff7f-a12a-74f8-455b-cad621431cb6}.Debug|Any CPU.Build.0 = Debug|Any CPU
		{1c4f6c70-1dcd-ec51-aca6-254ebb76c1a7}.Debug|Any CPU.ActiveCfg = Debug|Any CPU
		{1c4f6c70-1dcd-ec51-aca6-254ebb76c1a7}.Debug|Any CPU.Build.0 = Debug|Any CPU
		{c558364a-581b-4ee7-bfd3-cefa4bcc4a88}.Debug|Any CPU.ActiveCfg = Debug|Any CPU
		{c558364a-581b-4ee7-bfd3-cefa4bcc4a88}.Debug|Any CPU.Build.0 = Debug|Any CPU
		{8ef830a1-4a0c-7171-e88e-db8bee41c027}.Debug|Any CPU.ActiveCfg = Debug|Any CPU
		{8ef830a1-4a0c-7171-e88e-db8bee41c027}.Debug|Any CPU.Build.0 = Debug|Any CPU
		{52fee65a-7534-cc3d-74d7-5200d5b147fa}.Debug|Any CPU.ActiveCfg = Debug|Any CPU
		{52fee65a-7534-cc3d-74d7-5200d5b147fa}.Debug|Any CPU.Build.0 = Debug|Any CPU
		{67e065d0-c3df-996b-190d-fe4f21d8a1f7}.Debug|Any CPU.ActiveCfg = Debug|Any CPU
		{67e065d0-c3df-996b-190d-fe4f21d8a1f7}.Debug|Any CPU.Build.0 = Debug|Any CPU
		{0534cf5b-0e42-ba29-dc34-c26f5410f7a6}.Debug|Any CPU.ActiveCfg = Debug|Any CPU
		{0534cf5b-0e42-ba29-dc34-c26f5410f7a6}.Debug|Any CPU.Build.0 = Debug|Any CPU
		{33176a0c-b3e4-4378-895a-bbe964c16233}.Debug|Any CPU.ActiveCfg = Debug|Any CPU
		{33176a0c-b3e4-4378-895a-bbe964c16233}.Debug|Any CPU.Build.0 = Debug|Any CPU
		{617ae747-1580-d701-fae8-c4abef1dbec7}.Debug|Any CPU.ActiveCfg = Debug|Any CPU
		{617ae747-1580-d701-fae8-c4abef1dbec7}.Debug|Any CPU.Build.0 = Debug|Any CPU
		{1bb8ea89-81d2-441e-ab5b-16461d1ff5e9}.Debug|Any CPU.ActiveCfg = Debug|Any CPU
		{1bb8ea89-81d2-441e-ab5b-16461d1ff5e9}.Debug|Any CPU.Build.0 = Debug|Any CPU
		{b64ea27c-a9cd-269f-c0ad-27c310efc39a}.Debug|Any CPU.ActiveCfg = Debug|Any CPU
		{b64ea27c-a9cd-269f-c0ad-27c310efc39a}.Debug|Any CPU.Build.0 = Debug|Any CPU
		{a9d3b706-a00c-1517-c890-44a7a0c953c3}.Debug|Any CPU.ActiveCfg = Debug|Any CPU
		{a9d3b706-a00c-1517-c890-44a7a0c953c3}.Debug|Any CPU.Build.0 = Debug|Any CPU
		{49c3ad02-cfec-d8b9-25a8-52d5ac6003f1}.Debug|Any CPU.ActiveCfg = Debug|Any CPU
		{49c3ad02-cfec-d8b9-25a8-52d5ac6003f1}.Debug|Any CPU.Build.0 = Debug|Any CPU
		{28f582a3-017b-f22e-4179-52dbb49a6b9f}.Debug|Any CPU.ActiveCfg = Debug|Any CPU
		{28f582a3-017b-f22e-4179-52dbb49a6b9f}.Debug|Any CPU.Build.0 = Debug|Any CPU
		{c5b0e295-374b-581c-c32f-55817763b090}.Debug|Any CPU.ActiveCfg = Debug|Any CPU
		{c5b0e295-374b-581c-c32f-55817763b090}.Debug|Any CPU.Build.0 = Debug|Any CPU
		{7dc5d393-bf77-59dc-3f0d-02aae9df18dc}.Debug|Any CPU.ActiveCfg = Debug|Any CPU
		{7dc5d393-bf77-59dc-3f0d-02aae9df18dc}.Debug|Any CPU.Build.0 = Debug|Any CPU
		{728db72c-8505-d866-fe5c-32e569730277}.Debug|Any CPU.ActiveCfg = Debug|Any CPU
		{728db72c-8505-d866-fe5c-32e569730277}.Debug|Any CPU.Build.0 = Debug|Any CPU
		{d296ed84-57a2-ee36-54ec-601f9f10ef1b}.Debug|Any CPU.ActiveCfg = Debug|Any CPU
		{d296ed84-57a2-ee36-54ec-601f9f10ef1b}.Debug|Any CPU.Build.0 = Debug|Any CPU
		{af1ce8d1-547e-1d5f-7042-94b829cb9d33}.Debug|Any CPU.ActiveCfg = Debug|Any CPU
		{af1ce8d1-547e-1d5f-7042-94b829cb9d33}.Debug|Any CPU.Build.0 = Debug|Any CPU
		{da2b7080-bf55-489b-0b4c-d80f09cd0a9b}.Debug|Any CPU.ActiveCfg = Debug|Any CPU
		{da2b7080-bf55-489b-0b4c-d80f09cd0a9b}.Debug|Any CPU.Build.0 = Debug|Any CPU
		{88a8f3ab-f2a1-4aaf-ca88-91e2b0e8f899}.Debug|Any CPU.ActiveCfg = Debug|Any CPU
		{88a8f3ab-f2a1-4aaf-ca88-91e2b0e8f899}.Debug|Any CPU.Build.0 = Debug|Any CPU
		{93cf56db-be1b-9ab2-66f8-1b1e0906a9c8}.Debug|Any CPU.ActiveCfg = Debug|Any CPU
		{93cf56db-be1b-9ab2-66f8-1b1e0906a9c8}.Debug|Any CPU.Build.0 = Debug|Any CPU
		{7f65ff36-79f2-bbbe-f17c-bbb294d22b27}.Debug|Any CPU.ActiveCfg = Debug|Any CPU
		{7f65ff36-79f2-bbbe-f17c-bbb294d22b27}.Debug|Any CPU.Build.0 = Debug|Any CPU
		{4ea30eaf-d3ef-512b-7e0d-aab38ecae206}.Debug|Any CPU.ActiveCfg = Debug|Any CPU
		{4ea30eaf-d3ef-512b-7e0d-aab38ecae206}.Debug|Any CPU.Build.0 = Debug|Any CPU
		{81c07e98-ac6e-b23b-c353-2e1d878fbbd2}.Debug|Any CPU.ActiveCfg = Debug|Any CPU
		{81c07e98-ac6e-b23b-c353-2e1d878fbbd2}.Debug|Any CPU.Build.0 = Debug|Any CPU
		{999ca372-c712-cd44-cb2b-69c9f0fc68c0}.Debug|Any CPU.ActiveCfg = Debug|Any CPU
		{999ca372-c712-cd44-cb2b-69c9f0fc68c0}.Debug|Any CPU.Build.0 = Debug|Any CPU
		{6141b342-4550-9445-28c3-f8f8fbc666eb}.Debug|Any CPU.ActiveCfg = Debug|Any CPU
		{6141b342-4550-9445-28c3-f8f8fbc666eb}.Debug|Any CPU.Build.0 = Debug|Any CPU
		{3d81ce83-c044-58e7-202a-33e65d15caae}.Debug|Any CPU.ActiveCfg = Debug|Any CPU
		{3d81ce83-c044-58e7-202a-33e65d15caae}.Debug|Any CPU.Build.0 = Debug|Any CPU
		{e21e0268-dcc4-f379-56aa-99be530438cf}.Debug|Any CPU.ActiveCfg = Debug|Any CPU
		{e21e0268-dcc4-f379-56aa-99be530438cf}.Debug|Any CPU.Build.0 = Debug|Any CPU
		{8ec990e8-f27d-deb2-bd4c-7c4e3660db8c}.Debug|Any CPU.ActiveCfg = Debug|Any CPU
		{8ec990e8-f27d-deb2-bd4c-7c4e3660db8c}.Debug|Any CPU.Build.0 = Debug|Any CPU
		{8343fe1f-e6dc-39b9-af8a-588567b05c80}.Debug|Any CPU.ActiveCfg = Debug|Any CPU
		{8343fe1f-e6dc-39b9-af8a-588567b05c80}.Debug|Any CPU.Build.0 = Debug|Any CPU
		{b9cbd990-5b99-d428-85f8-9874e0f2306e}.Debug|Any CPU.ActiveCfg = Debug|Any CPU
		{b9cbd990-5b99-d428-85f8-9874e0f2306e}.Debug|Any CPU.Build.0 = Debug|Any CPU
		{757ea5f3-bc6b-19b3-48e8-b143bcb4f0db}.Debug|Any CPU.ActiveCfg = Debug|Any CPU
		{757ea5f3-bc6b-19b3-48e8-b143bcb4f0db}.Debug|Any CPU.Build.0 = Debug|Any CPU
		{a7a0ff82-297a-3156-a24b-fe1271315a78}.Debug|Any CPU.ActiveCfg = Debug|Any CPU
		{a7a0ff82-297a-3156-a24b-fe1271315a78}.Debug|Any CPU.Build.0 = Debug|Any CPU
		{f4f6c38a-cba2-e584-8296-27e02d4a4d1f}.Debug|Any CPU.ActiveCfg = Debug|Any CPU
		{f4f6c38a-cba2-e584-8296-27e02d4a4d1f}.Debug|Any CPU.Build.0 = Debug|Any CPU
		{cae6a16e-8381-2c8b-47b7-55e105c8f562}.Debug|Any CPU.ActiveCfg = Debug|Any CPU
		{cae6a16e-8381-2c8b-47b7-55e105c8f562}.Debug|Any CPU.Build.0 = Debug|Any CPU
		{d16ff1e1-6145-454d-99b8-7879db5e6aa6}.Debug|Any CPU.ActiveCfg = Debug|Any CPU
		{d16ff1e1-6145-454d-99b8-7879db5e6aa6}.Debug|Any CPU.Build.0 = Debug|Any CPU
		{9fbeef56-3cbe-2654-1e4c-bc1080c2df10}.Debug|Any CPU.ActiveCfg = Debug|Any CPU
		{9fbeef56-3cbe-2654-1e4c-bc1080c2df10}.Debug|Any CPU.Build.0 = Debug|Any CPU
		{31602a53-c850-1cab-4a97-5ed9b934c1af}.Debug|Any CPU.ActiveCfg = Debug|Any CPU
		{31602a53-c850-1cab-4a97-5ed9b934c1af}.Debug|Any CPU.Build.0 = Debug|Any CPU
		{f1d9b505-8802-b65b-03fb-8cab12845587}.Debug|Any CPU.ActiveCfg = Debug|Any CPU
		{f1d9b505-8802-b65b-03fb-8cab12845587}.Debug|Any CPU.Build.0 = Debug|Any CPU
		{6338f0cf-2412-6201-c9bc-ecc1cfebf50b}.Debug|Any CPU.ActiveCfg = Debug|Any CPU
		{6338f0cf-2412-6201-c9bc-ecc1cfebf50b}.Debug|Any CPU.Build.0 = Debug|Any CPU
		{b47d4fc2-58bd-790f-a986-47b6aeceab20}.Debug|Any CPU.ActiveCfg = Debug|Any CPU
		{b47d4fc2-58bd-790f-a986-47b6aeceab20}.Debug|Any CPU.Build.0 = Debug|Any CPU
		{7d640ffe-b748-691c-6483-9a7507ed22ae}.Debug|Any CPU.ActiveCfg = Debug|Any CPU
		{7d640ffe-b748-691c-6483-9a7507ed22ae}.Debug|Any CPU.Build.0 = Debug|Any CPU
		{18a99c81-2f8c-10fa-cb3c-5a235ec3e294}.Debug|Any CPU.ActiveCfg = Debug|Any CPU
		{18a99c81-2f8c-10fa-cb3c-5a235ec3e294}.Debug|Any CPU.Build.0 = Debug|Any CPU
		{eb730edb-3351-08e8-d649-cdf78ad1a370}.Debug|Any CPU.ActiveCfg = Debug|Any CPU
		{eb730edb-3351-08e8-d649-cdf78ad1a370}.Debug|Any CPU.Build.0 = Debug|Any CPU
		{07405133-d867-099c-b458-89f29b1a82c3}.Debug|Any CPU.ActiveCfg = Debug|Any CPU
		{07405133-d867-099c-b458-89f29b1a82c3}.Debug|Any CPU.Build.0 = Debug|Any CPU
		{acdbe533-bd14-a4b9-58d8-01b4b03cf38e}.Debug|Any CPU.ActiveCfg = Debug|Any CPU
		{acdbe533-bd14-a4b9-58d8-01b4b03cf38e}.Debug|Any CPU.Build.0 = Debug|Any CPU
		{9d184787-21d2-4575-9653-17f35c80fe0f}.Debug|Any CPU.ActiveCfg = Debug|Any CPU
		{9d184787-21d2-4575-9653-17f35c80fe0f}.Debug|Any CPU.Build.0 = Debug|Any CPU
		{f5b1819e-5c7f-acfe-23c1-1ee0f971f318}.Debug|Any CPU.ActiveCfg = Debug|Any CPU
		{f5b1819e-5c7f-acfe-23c1-1ee0f971f318}.Debug|Any CPU.Build.0 = Debug|Any CPU
		{b3445519-94bd-fd5b-66f4-16bdb47e3607}.Debug|Any CPU.ActiveCfg = Debug|Any CPU
		{b3445519-94bd-fd5b-66f4-16bdb47e3607}.Debug|Any CPU.Build.0 = Debug|Any CPU
		{31c97618-8976-62b2-d310-120ffa3548fa}.Debug|Any CPU.ActiveCfg = Debug|Any CPU
		{31c97618-8976-62b2-d310-120ffa3548fa}.Debug|Any CPU.Build.0 = Debug|Any CPU
		{d03a7003-16e8-ccc3-c114-f0ad6864148b}.Debug|Any CPU.ActiveCfg = Debug|Any CPU
		{d03a7003-16e8-ccc3-c114-f0ad6864148b}.Debug|Any CPU.Build.0 = Debug|Any CPU
		{9e62e4d2-fe2e-d38f-92f2-3f7c852d80ce}.Debug|Any CPU.ActiveCfg = Debug|Any CPU
		{9e62e4d2-fe2e-d38f-92f2-3f7c852d80ce}.Debug|Any CPU.Build.0 = Debug|Any CPU
		{4d042dd1-8ef2-1900-99b4-e9e537cd50e7}.Debug|Any CPU.ActiveCfg = Debug|Any CPU
		{4d042dd1-8ef2-1900-99b4-e9e537cd50e7}.Debug|Any CPU.Build.0 = Debug|Any CPU
	EndGlobalSection
	GlobalSection(SolutionProperties) = preSolution
		HideSolutionNode = FALSE
	EndGlobalSection
EndGlobal
