
Microsoft Visual Studio Solution File, Format Version 12.00
# Visual Studio 15
Project("{FAE04EC0-301F-11D3-BF4B-00C04F79EFBC}") = "Unity.Timeline", "Unity.Timeline.csproj", "{61875C86-45D7-A313-7F3D-0A0E33E41461}"
EndProject
Project("{FAE04EC0-301F-11D3-BF4B-00C04F79EFBC}") = "Unity.InputSystem", "Unity.InputSystem.csproj", "{415856C2-C505-DF27-98B5-830D95697F35}"
EndProject
Project("{FAE04EC0-301F-11D3-BF4B-00C04F79EFBC}") = "Unity.ShaderGraph.Editor", "Unity.ShaderGraph.Editor.csproj", "{1C8D6760-B5DC-988A-4B10-EF2A6739C2E5}"
EndProject
Project("{FAE04EC0-301F-11D3-BF4B-00C04F79EFBC}") = "Unity.2D.Aseprite.Editor", "Unity.2D.Aseprite.Editor.csproj", "{A50C1233-C0BA-C293-9C36-B264500282C4}"
EndProject
Project("{FAE04EC0-301F-11D3-BF4B-00C04F79EFBC}") = "Unity.VisualScripting.Flow", "Unity.VisualScripting.Flow.csproj", "{C0E2D177-9AD6-4871-5A58-AC97868A8FE9}"
EndProject
Project("{FAE04EC0-301F-11D3-BF4B-00C04F79EFBC}") = "Unity.RenderPipelines.Universal.Runtime", "Unity.RenderPipelines.Universal.Runtime.csproj", "{B9EBDD2F-8799-F864-AA38-8210A388ED43}"
EndProject
Project("{FAE04EC0-301F-11D3-BF4B-00C04F79EFBC}") = "UnityEditor.UI", "UnityEditor.UI.csproj", "{8D98720A-313C-0B6E-877F-0FC856E5F982}"
EndProject
Project("{FAE04EC0-301F-11D3-BF4B-00C04F79EFBC}") = "Unity.Timeline.Editor", "Unity.Timeline.Editor.csproj", "{EACB9DC8-3128-2135-F97D-AC761A455A39}"
EndProject
Project("{FAE04EC0-301F-11D3-BF4B-00C04F79EFBC}") = "Unity.PlasticSCM.Editor", "Unity.PlasticSCM.Editor.csproj", "{BCE195B4-8FDF-E2C6-CA45-8F46A13BED6E}"
EndProject
Project("{FAE04EC0-301F-11D3-BF4B-00C04F79EFBC}") = "Unity.RenderPipelines.Core.Runtime", "Unity.RenderPipelines.Core.Runtime.csproj", "{976E7927-3A7D-5A0C-AED2-E79C42FAC90F}"
EndProject
Project("{FAE04EC0-301F-11D3-BF4B-00C04F79EFBC}") = "Unity.Mathematics", "Unity.Mathematics.csproj", "{FF092A1E-DC10-CB5B-9735-03713D77762F}"
EndProject
Project("{FAE04EC0-301F-11D3-BF4B-00C04F79EFBC}") = "Unity.RenderPipelines.Core.Editor", "Unity.RenderPipelines.Core.Editor.csproj", "{594E6135-B47F-DA6E-DD9D-5C81F0DD5596}"
EndProject
Project("{FAE04EC0-301F-11D3-BF4B-00C04F79EFBC}") = "Unity.2D.Common.Path.Editor", "Unity.2D.Common.Path.Editor.csproj", "{D7070269-8D6E-B127-7E64-2A80BB48D7CD}"
EndProject
Project("{FAE04EC0-301F-11D3-BF4B-00C04F79EFBC}") = "Unity.2D.Psdimporter.Editor", "Unity.2D.Psdimporter.Editor.csproj", "{8926BD35-C08F-A597-5822-BC408A75FF9A}"
EndProject
Project("{FAE04EC0-301F-11D3-BF4B-00C04F79EFBC}") = "Unity.VisualScripting.Core.Editor", "Unity.VisualScripting.Core.Editor.csproj", "{A82ABE18-8775-2409-41DE-C1F20F2A0F73}"
EndProject
Project("{FAE04EC0-301F-11D3-BF4B-00C04F79EFBC}") = "Unity.2D.IK.Runtime", "Unity.2D.IK.Runtime.csproj", "{A6CC5737-A34C-64B3-DF35-6A0C2AC513BF}"
EndProject
Project("{FAE04EC0-301F-11D3-BF4B-00C04F79EFBC}") = "UnityEditor.TestRunner", "UnityEditor.TestRunner.csproj", "{D1437386-1BBC-93EA-B20A-71C0F034B67C}"
EndProject
Project("{FAE04EC0-301F-11D3-BF4B-00C04F79EFBC}") = "Unity.RenderPipelines.Universal.Editor", "Unity.RenderPipelines.Universal.Editor.csproj", "{4B50731A-E3AF-DC34-CD72-85A786DE8341}"
EndProject
Project("{FAE04EC0-301F-11D3-BF4B-00C04F79EFBC}") = "Unity.TextMeshPro.Editor", "Unity.TextMeshPro.Editor.csproj", "{C73887D8-4987-BA10-3129-6F4AF92F889B}"
EndProject
Project("{FAE04EC0-301F-11D3-BF4B-00C04F79EFBC}") = "Unity.VisualScripting.Flow.Editor", "Unity.VisualScripting.Flow.Editor.csproj", "{35B1C5F4-7BE4-3825-22FF-57A56A31377A}"
EndProject
Project("{FAE04EC0-301F-11D3-BF4B-00C04F79EFBC}") = "UnityEngine.TestRunner", "UnityEngine.TestRunner.csproj", "{5495788C-7DBD-FF95-9221-C0DE031FF25D}"
EndProject
Project("{FAE04EC0-301F-11D3-BF4B-00C04F79EFBC}") = "Unity.VisualScripting.Core", "Unity.VisualScripting.Core.csproj", "{8BAEBE01-696B-F538-ADA6-44B2D13035DF}"
EndProject
Project("{FAE04EC0-301F-11D3-BF4B-00C04F79EFBC}") = "Unity.2D.Tilemap.Editor", "Unity.2D.Tilemap.Editor.csproj", "{19BE5114-EF99-B484-C831-83D0EEE8DAEF}"
EndProject
Project("{FAE04EC0-301F-11D3-BF4B-00C04F79EFBC}") = "Unity.Searcher.Editor", "Unity.Searcher.Editor.csproj", "{E0B6A83E-CA73-D976-B3BB-F4F0624268F8}"
EndProject
Project("{FAE04EC0-301F-11D3-BF4B-00C04F79EFBC}") = "Unity.Burst", "Unity.Burst.csproj", "{82F16402-96D2-193B-CEF3-9D28A3F130C1}"
EndProject
Project("{FAE04EC0-301F-11D3-BF4B-00C04F79EFBC}") = "PsdPlugin", "PsdPlugin.csproj", "{3B8A1D13-804A-2B0F-C8C2-AB84B0906762}"
EndProject
Project("{FAE04EC0-301F-11D3-BF4B-00C04F79EFBC}") = "Unity.Collections", "Unity.Collections.csproj", "{4D86CB5F-51E0-929F-B723-C5515DF40BED}"
EndProject
Project("{FAE04EC0-301F-11D3-BF4B-00C04F79EFBC}") = "Unity.2D.Animation.Editor", "Unity.2D.Animation.Editor.csproj", "{2B1FE1D2-0AB9-43DD-207A-BE18B24A29C3}"
EndProject
Project("{FAE04EC0-301F-11D3-BF4B-00C04F79EFBC}") = "Unity.2D.SpriteShape.Editor", "Unity.2D.SpriteShape.Editor.csproj", "{90E3C096-5B0B-02D7-886E-22F3A0ABB930}"
EndProject
Project("{FAE04EC0-301F-11D3-BF4B-00C04F79EFBC}") = "Unity.VisualStudio.Editor", "Unity.VisualStudio.Editor.csproj", "{FD10BE69-C823-6E4B-5655-EEE3F47DCFFA}"
EndProject
Project("{FAE04EC0-301F-11D3-BF4B-00C04F79EFBC}") = "PPv2URPConverters", "PPv2URPConverters.csproj", "{D13FD399-DB69-7EC0-53C6-CDFC3E3E846B}"
EndProject
Project("{FAE04EC0-301F-11D3-BF4B-00C04F79EFBC}") = "Unity.Rider.Editor", "Unity.Rider.Editor.csproj", "{92D504F0-0732-2C0F-EA45-2BDAA39232B9}"
EndProject
Project("{FAE04EC0-301F-11D3-BF4B-00C04F79EFBC}") = "Unity.InternalAPIEditorBridge.001", "Unity.InternalAPIEditorBridge.001.csproj", "{4B037FD8-3BB4-93D5-A8F7-75DA6F4FA6E7}"
EndProject
Project("{FAE04EC0-301F-11D3-BF4B-00C04F79EFBC}") = "Unity.2D.SpriteShape.Runtime", "Unity.2D.SpriteShape.Runtime.csproj", "{28BEFD2A-F8D0-5675-615F-20D368262A53}"
EndProject
Project("{FAE04EC0-301F-11D3-BF4B-00C04F79EFBC}") = "Unity.VisualScripting.State.Editor", "Unity.VisualScripting.State.Editor.csproj", "{D94989EF-CE96-8084-EA7A-D2E45C051F80}"
EndProject
Project("{FAE04EC0-301F-11D3-BF4B-00C04F79EFBC}") = "UnityEngine.UI", "UnityEngine.UI.csproj", "{088FD8B1-8F29-8B2B-2CCB-69E3181C089D}"
EndProject
Project("{FAE04EC0-301F-11D3-BF4B-00C04F79EFBC}") = "Unity.Burst.CodeGen", "Unity.Burst.CodeGen.csproj", "{81ACA8F2-1408-E070-863E-5C41F9EE72A2}"
EndProject
Project("{FAE04EC0-301F-11D3-BF4B-00C04F79EFBC}") = "Unity.RenderPipeline.Universal.ShaderLibrary", "Unity.RenderPipeline.Universal.ShaderLibrary.csproj", "{B79E8B6D-5120-A6FC-5CEA-1CC8FCEB21CA}"
EndProject
Project("{FAE04EC0-301F-11D3-BF4B-00C04F79EFBC}") = "Unity.VisualScripting.State", "Unity.VisualScripting.State.csproj", "{B7E2FF08-4BAC-C187-941B-CAAEC6A68E6D}"
EndProject
Project("{FAE04EC0-301F-11D3-BF4B-00C04F79EFBC}") = "Unity.TextMeshPro", "Unity.TextMeshPro.csproj", "{41E6DA22-9209-6B42-F498-B0899D6C839C}"
EndProject
Project("{FAE04EC0-301F-11D3-BF4B-00C04F79EFBC}") = "Unity.2D.Tilemap.Extras.Editor", "Unity.2D.Tilemap.Extras.Editor.csproj", "{1EF251A9-394F-DCC0-EA79-D70A961EE989}"
EndProject
Project("{FAE04EC0-301F-11D3-BF4B-00C04F79EFBC}") = "Unity.2D.Animation.Runtime", "Unity.2D.Animation.Runtime.csproj", "{1DD3C1C8-1A2C-C37D-3959-E4CC3483BA8B}"
EndProject
Project("{FAE04EC0-301F-11D3-BF4B-00C04F79EFBC}") = "Unity.VisualScripting.SettingsProvider.Editor", "Unity.VisualScripting.SettingsProvider.Editor.csproj", "{E635454F-D44A-F65B-1CDB-9D2152B301C7}"
EndProject
Project("{FAE04EC0-301F-11D3-BF4B-00C04F79EFBC}") = "Unity.2D.IK.Editor", "Unity.2D.IK.Editor.csproj", "{4A53314B-285E-4AAF-0AE7-0A1AD615026B}"
EndProject
Project("{FAE04EC0-301F-11D3-BF4B-00C04F79EFBC}") = "Unity.InternalAPIEngineBridge.001", "Unity.InternalAPIEngineBridge.001.csproj", "{44008DC2-A980-62D6-0120-425F6C9CE0DC}"
EndProject
Project("{FAE04EC0-301F-11D3-BF4B-00C04F79EFBC}") = "Unity.2D.Aseprite.Common", "Unity.2D.Aseprite.Common.csproj", "{3E96FB0D-6081-C1B4-1F2D-70926B0BF83F}"
EndProject
Project("{FAE04EC0-301F-11D3-BF4B-00C04F79EFBC}") = "Unity.Burst.Editor", "Unity.Burst.Editor.csproj", "{4F676F50-DB61-3A21-CF54-AE13DE5375A5}"
EndProject
Project("{FAE04EC0-301F-11D3-BF4B-00C04F79EFBC}") = "Unity.2D.Common.Editor", "Unity.2D.Common.Editor.csproj", "{8D399A61-84F1-8B89-35C0-C441BB73F3C5}"
EndProject
Project("{FAE04EC0-301F-11D3-BF4B-00C04F79EFBC}") = "Unity.2D.PixelPerfect", "Unity.2D.PixelPerfect.csproj", "{26DB963C-2206-5259-2167-CB8718AB2290}"
EndProject
Project("{FAE04EC0-301F-11D3-BF4B-00C04F79EFBC}") = "Unity.2D.PixelPerfect.Editor", "Unity.2D.PixelPerfect.Editor.csproj", "{8CE42002-A69B-FE48-8C88-284F541D5200}"
EndProject
Project("{FAE04EC0-301F-11D3-BF4B-00C04F79EFBC}") = "Unity.2D.Common.Runtime", "Unity.2D.Common.Runtime.csproj", "{41256935-3598-F686-3485-D6C2F097BC95}"
EndProject
Project("{FAE04EC0-301F-11D3-BF4B-00C04F79EFBC}") = "Unity.2D.Sprite.Editor", "Unity.2D.Sprite.Editor.csproj", "{19FE8F26-0302-3E70-FCC6-939152292BB1}"
EndProject
Project("{FAE04EC0-301F-11D3-BF4B-00C04F79EFBC}") = "Unity.InputSystem.ForUI", "Unity.InputSystem.ForUI.csproj", "{0D6EAF71-1D1B-12D9-4129-3B23E24D112E}"
EndProject
Project("{FAE04EC0-301F-11D3-BF4B-00C04F79EFBC}") = "Unity.Mathematics.Editor", "Unity.Mathematics.Editor.csproj", "{2D472A6D-09E0-60A8-BB56-312B6EC1B273}"
EndProject
Project("{FAE04EC0-301F-11D3-BF4B-00C04F79EFBC}") = "Unity.2D.Tilemap.Extras", "Unity.2D.Tilemap.Extras.csproj", "{FF68C038-398C-230D-1D2F-3C344880621F}"
EndProject
Project("{FAE04EC0-301F-11D3-BF4B-00C04F79EFBC}") = "Unity.InputSystem.TestFramework", "Unity.InputSystem.TestFramework.csproj", "{C0838694-1AA9-E3CF-D40A-E013DAD2FEF7}"
EndProject
Project("{FAE04EC0-301F-11D3-BF4B-00C04F79EFBC}") = "Unity.ShaderGraph.Utilities", "Unity.ShaderGraph.Utilities.csproj", "{71E9DE56-B2DA-9161-239F-2CA8E74ABDEB}"
EndProject
Project("{FAE04EC0-301F-11D3-BF4B-00C04F79EFBC}") = "Assembly-CSharp", "Assembly-CSharp.csproj", "{16CB3C22-5265-360C-090C-6CA5FB018274}"
EndProject
Project("{FAE04EC0-301F-11D3-BF4B-00C04F79EFBC}") = "Unity.VisualScripting.Shared.Editor", "Unity.VisualScripting.Shared.Editor.csproj", "{E1C629FD-1DB7-31D8-3E57-2F5263BE3F16}"
EndProject
Project("{FAE04EC0-301F-11D3-BF4B-00C04F79EFBC}") = "Unity.Collections.DocCodeSamples", "Unity.Collections.DocCodeSamples.csproj", "{948F0F7D-67D5-F86D-3C27-DC2AA6FEC9A9}"
EndProject
Project("{FAE04EC0-301F-11D3-BF4B-00C04F79EFBC}") = "Unity.Collections.BurstCompatibilityGen", "Unity.Collections.BurstCompatibilityGen.csproj", "{795F15DC-446A-902B-AE6A-FFCC681D5518}"
EndProject
Project("{FAE04EC0-301F-11D3-BF4B-00C04F79EFBC}") = "Unity.RenderPipelines.Universal.Config.Runtime", "Unity.RenderPipelines.Universal.Config.Runtime.csproj", "{4943A481-53FB-1654-A0AE-035B41B131F2}"
EndProject
Project("{FAE04EC0-301F-11D3-BF4B-00C04F79EFBC}") = "Unity.CollabProxy.Editor", "Unity.CollabProxy.Editor.csproj", "{05CBCB4C-81AE-04E9-5AED-B9542393FB94}"
EndProject
Project("{FAE04EC0-301F-11D3-BF4B-00C04F79EFBC}") = "Unity.RenderPipelines.ShaderGraph.ShaderGraphLibrary", "Unity.RenderPipelines.ShaderGraph.ShaderGraphLibrary.csproj", "{85876607-F44C-3E9F-CBD4-E35808A7A02C}"
EndProject
Project("{FAE04EC0-301F-11D3-BF4B-00C04F79EFBC}") = "Unity.RenderPipelines.Core.ShaderLibrary", "Unity.RenderPipelines.Core.ShaderLibrary.csproj", "{89022864-8106-8609-8817-A15CD32944D4}"
EndProject
Project("{FAE04EC0-301F-11D3-BF4B-00C04F79EFBC}") = "Unity.RenderPipelines.Universal.Shaders", "Unity.RenderPipelines.Universal.Shaders.csproj", "{1FE170A4-08C7-457E-CA1A-73235C8AB335}"
EndProject
Project("{FAE04EC0-301F-11D3-BF4B-00C04F79EFBC}") = "Unity.Timeline", "Unity.Timeline.Player.csproj", "{69B12546-D267-B0EC-E95B-272B515B4632}"
EndProject
Project("{FAE04EC0-301F-11D3-BF4B-00C04F79EFBC}") = "Unity.InputSystem", "Unity.InputSystem.Player.csproj", "{F1B1D8D1-E5E2-DD69-7C03-3525959B35CA}"
EndProject
Project("{FAE04EC0-301F-11D3-BF4B-00C04F79EFBC}") = "Unity.VisualScripting.Flow", "Unity.VisualScripting.Flow.Player.csproj", "{D11C0E80-8B78-4B36-974A-8223DF4D57AA}"
EndProject
Project("{FAE04EC0-301F-11D3-BF4B-00C04F79EFBC}") = "Unity.RenderPipelines.Universal.Runtime", "Unity.RenderPipelines.Universal.Runtime.Player.csproj", "{7C523CD2-1AE8-3E81-0DE9-E3714AC6E88A}"
EndProject
Project("{FAE04EC0-301F-11D3-BF4B-00C04F79EFBC}") = "Unity.RenderPipelines.Core.Runtime", "Unity.RenderPipelines.Core.Runtime.Player.csproj", "{7FFF192A-2AA1-F874-455B-CAD621431CB6}"
EndProject
Project("{FAE04EC0-301F-11D3-BF4B-00C04F79EFBC}") = "Unity.Mathematics", "Unity.Mathematics.Player.csproj", "{706C4F1C-CD1D-51EC-ACA6-254EBB76C1A7}"
EndProject
Project("{FAE04EC0-301F-11D3-BF4B-00C04F79EFBC}") = "Unity.2D.IK.Runtime", "Unity.2D.IK.Runtime.Player.csproj", "{4A3658C5-1B58-E74E-BFD3-CEFA4BCC4A88}"
EndProject
Project("{FAE04EC0-301F-11D3-BF4B-00C04F79EFBC}") = "UnityEngine.TestRunner", "UnityEngine.TestRunner.Player.csproj", "{A130F88E-0C4A-7171-E88E-DB8BEE41C027}"
EndProject
Project("{FAE04EC0-301F-11D3-BF4B-00C04F79EFBC}") = "Unity.VisualScripting.Core", "Unity.VisualScripting.Core.Player.csproj", "{5AE6FE52-3475-3DCC-74D7-5200D5B147FA}"
EndProject
Project("{FAE04EC0-301F-11D3-BF4B-00C04F79EFBC}") = "Unity.Burst", "Unity.Burst.Player.csproj", "{D065E067-DFC3-6B99-190D-FE4F21D8A1F7}"
EndProject
Project("{FAE04EC0-301F-11D3-BF4B-00C04F79EFBC}") = "Unity.Collections", "Unity.Collections.Player.csproj", "{5BCF3405-420E-29BA-DC34-C26F5410F7A6}"
EndProject
Project("{FAE04EC0-301F-11D3-BF4B-00C04F79EFBC}") = "Unity.2D.SpriteShape.Runtime", "Unity.2D.SpriteShape.Runtime.Player.csproj", "{0C6A1733-E4B3-7843-895A-BBE964C16233}"
EndProject
Project("{FAE04EC0-301F-11D3-BF4B-00C04F79EFBC}") = "UnityEngine.UI", "UnityEngine.UI.Player.csproj", "{47E77A61-8015-01D7-FAE8-C4ABEF1DBEC7}"
EndProject
Project("{FAE04EC0-301F-11D3-BF4B-00C04F79EFBC}") = "Unity.RenderPipeline.Universal.ShaderLibrary", "Unity.RenderPipeline.Universal.ShaderLibrary.Player.csproj", "{89EAB81B-D281-1E44-AB5B-16461D1FF5E9}"
EndProject
Project("{FAE04EC0-301F-11D3-BF4B-00C04F79EFBC}") = "Unity.VisualScripting.State", "Unity.VisualScripting.State.Player.csproj", "{7CA24EB6-CDA9-9F26-C0AD-27C310EFC39A}"
EndProject
Project("{FAE04EC0-301F-11D3-BF4B-00C04F79EFBC}") = "Unity.TextMeshPro", "Unity.TextMeshPro.Player.csproj", "{06B7D3A9-0CA0-1715-C890-44A7A0C953C3}"
EndProject
Project("{FAE04EC0-301F-11D3-BF4B-00C04F79EFBC}") = "Unity.2D.Animation.Runtime", "Unity.2D.Animation.Runtime.Player.csproj", "{02ADC349-ECCF-B9D8-25A8-52D5AC6003F1}"
EndProject
Project("{FAE04EC0-301F-11D3-BF4B-00C04F79EFBC}") = "Unity.InternalAPIEngineBridge.001", "Unity.InternalAPIEngineBridge.001.Player.csproj", "{A382F528-7B01-2EF2-4179-52DBB49A6B9F}"
EndProject
Project("{FAE04EC0-301F-11D3-BF4B-00C04F79EFBC}") = "Unity.2D.PixelPerfect", "Unity.2D.PixelPerfect.Player.csproj", "{95E2B0C5-4B37-1C58-C32F-55817763B090}"
EndProject
Project("{FAE04EC0-301F-11D3-BF4B-00C04F79EFBC}") = "Unity.2D.Common.Runtime", "Unity.2D.Common.Runtime.Player.csproj", "{93D3C57D-77BF-DC59-3F0D-02AAE9DF18DC}"
EndProject
Project("{FAE04EC0-301F-11D3-BF4B-00C04F79EFBC}") = "Unity.InputSystem.ForUI", "Unity.InputSystem.ForUI.Player.csproj", "{2CB78D72-0585-66D8-FE5C-32E569730277}"
EndProject
Project("{FAE04EC0-301F-11D3-BF4B-00C04F79EFBC}") = "Unity.2D.Tilemap.Extras", "Unity.2D.Tilemap.Extras.Player.csproj", "{84ED96D2-A257-36EE-54EC-601F9F10EF1B}"
EndProject
Project("{FAE04EC0-301F-11D3-BF4B-00C04F79EFBC}") = "Unity.InputSystem.TestFramework", "Unity.InputSystem.TestFramework.Player.csproj", "{D1E81CAF-7E54-5F1D-7042-94B829CB9D33}"
EndProject
Project("{FAE04EC0-301F-11D3-BF4B-00C04F79EFBC}") = "Assembly-CSharp", "Assembly-CSharp.Player.csproj", "{80702BDA-55BF-9B48-0B4C-D80F09CD0A9B}"
EndProject
Project("{FAE04EC0-301F-11D3-BF4B-00C04F79EFBC}") = "Unity.RenderPipelines.Universal.Config.Runtime", "Unity.RenderPipelines.Universal.Config.Runtime.Player.csproj", "{ABF3A888-A1F2-AF4A-CA88-91E2B0E8F899}"
EndProject
Project("{FAE04EC0-301F-11D3-BF4B-00C04F79EFBC}") = "Unity.RenderPipelines.ShaderGraph.ShaderGraphLibrary", "Unity.RenderPipelines.ShaderGraph.ShaderGraphLibrary.Player.csproj", "{DB56CF93-1BBE-B29A-66F8-1B1E0906A9C8}"
EndProject
Project("{FAE04EC0-301F-11D3-BF4B-00C04F79EFBC}") = "Unity.RenderPipelines.Core.ShaderLibrary", "Unity.RenderPipelines.Core.ShaderLibrary.Player.csproj", "{36FF657F-F279-BEBB-F17C-BBB294D22B27}"
EndProject
Project("{FAE04EC0-301F-11D3-BF4B-00C04F79EFBC}") = "Unity.RenderPipelines.Universal.Shaders", "Unity.RenderPipelines.Universal.Shaders.Player.csproj", "{AF0EA34E-EFD3-2B51-7E0D-AAB38ECAE206}"
EndProject
Global
	GlobalSection(SolutionConfigurationPlatforms) = preSolution
		Debug|Any CPU = Debug|Any CPU
		Release|Any CPU = Release|Any CPU
	EndGlobalSection
	GlobalSection(ProjectConfigurationPlatforms) = postSolution
		{61875C86-45D7-A313-7F3D-0A0E33E41461}.Debug|Any CPU.ActiveCfg = Debug|Any CPU
		{61875C86-45D7-A313-7F3D-0A0E33E41461}.Debug|Any CPU.Build.0 = Debug|Any CPU
		{61875C86-45D7-A313-7F3D-0A0E33E41461}.Release|Any CPU.ActiveCfg = Release|Any CPU
		{61875C86-45D7-A313-7F3D-0A0E33E41461}.Release|Any CPU.Build.0 = Release|Any CPU
		{415856C2-C505-DF27-98B5-830D95697F35}.Debug|Any CPU.ActiveCfg = Debug|Any CPU
		{415856C2-C505-DF27-98B5-830D95697F35}.Debug|Any CPU.Build.0 = Debug|Any CPU
		{415856C2-C505-DF27-98B5-830D95697F35}.Release|Any CPU.ActiveCfg = Release|Any CPU
		{415856C2-C505-DF27-98B5-830D95697F35}.Release|Any CPU.Build.0 = Release|Any CPU
		{1C8D6760-B5DC-988A-4B10-EF2A6739C2E5}.Debug|Any CPU.ActiveCfg = Debug|Any CPU
		{1C8D6760-B5DC-988A-4B10-EF2A6739C2E5}.Debug|Any CPU.Build.0 = Debug|Any CPU
		{1C8D6760-B5DC-988A-4B10-EF2A6739C2E5}.Release|Any CPU.ActiveCfg = Release|Any CPU
		{1C8D6760-B5DC-988A-4B10-EF2A6739C2E5}.Release|Any CPU.Build.0 = Release|Any CPU
		{A50C1233-C0BA-C293-9C36-B264500282C4}.Debug|Any CPU.ActiveCfg = Debug|Any CPU
		{A50C1233-C0BA-C293-9C36-B264500282C4}.Debug|Any CPU.Build.0 = Debug|Any CPU
		{A50C1233-C0BA-C293-9C36-B264500282C4}.Release|Any CPU.ActiveCfg = Release|Any CPU
		{A50C1233-C0BA-C293-9C36-B264500282C4}.Release|Any CPU.Build.0 = Release|Any CPU
		{C0E2D177-9AD6-4871-5A58-AC97868A8FE9}.Debug|Any CPU.ActiveCfg = Debug|Any CPU
		{C0E2D177-9AD6-4871-5A58-AC97868A8FE9}.Debug|Any CPU.Build.0 = Debug|Any CPU
		{C0E2D177-9AD6-4871-5A58-AC97868A8FE9}.Release|Any CPU.ActiveCfg = Release|Any CPU
		{C0E2D177-9AD6-4871-5A58-AC97868A8FE9}.Release|Any CPU.Build.0 = Release|Any CPU
		{B9EBDD2F-8799-F864-AA38-8210A388ED43}.Debug|Any CPU.ActiveCfg = Debug|Any CPU
		{B9EBDD2F-8799-F864-AA38-8210A388ED43}.Debug|Any CPU.Build.0 = Debug|Any CPU
		{B9EBDD2F-8799-F864-AA38-8210A388ED43}.Release|Any CPU.ActiveCfg = Release|Any CPU
		{B9EBDD2F-8799-F864-AA38-8210A388ED43}.Release|Any CPU.Build.0 = Release|Any CPU
		{8D98720A-313C-0B6E-877F-0FC856E5F982}.Debug|Any CPU.ActiveCfg = Debug|Any CPU
		{8D98720A-313C-0B6E-877F-0FC856E5F982}.Debug|Any CPU.Build.0 = Debug|Any CPU
		{8D98720A-313C-0B6E-877F-0FC856E5F982}.Release|Any CPU.ActiveCfg = Release|Any CPU
		{8D98720A-313C-0B6E-877F-0FC856E5F982}.Release|Any CPU.Build.0 = Release|Any CPU
		{EACB9DC8-3128-2135-F97D-AC761A455A39}.Debug|Any CPU.ActiveCfg = Debug|Any CPU
		{EACB9DC8-3128-2135-F97D-AC761A455A39}.Debug|Any CPU.Build.0 = Debug|Any CPU
		{EACB9DC8-3128-2135-F97D-AC761A455A39}.Release|Any CPU.ActiveCfg = Release|Any CPU
		{EACB9DC8-3128-2135-F97D-AC761A455A39}.Release|Any CPU.Build.0 = Release|Any CPU
		{BCE195B4-8FDF-E2C6-CA45-8F46A13BED6E}.Debug|Any CPU.ActiveCfg = Debug|Any CPU
		{BCE195B4-8FDF-E2C6-CA45-8F46A13BED6E}.Debug|Any CPU.Build.0 = Debug|Any CPU
		{BCE195B4-8FDF-E2C6-CA45-8F46A13BED6E}.Release|Any CPU.ActiveCfg = Release|Any CPU
		{BCE195B4-8FDF-E2C6-CA45-8F46A13BED6E}.Release|Any CPU.Build.0 = Release|Any CPU
		{976E7927-3A7D-5A0C-AED2-E79C42FAC90F}.Debug|Any CPU.ActiveCfg = Debug|Any CPU
		{976E7927-3A7D-5A0C-AED2-E79C42FAC90F}.Debug|Any CPU.Build.0 = Debug|Any CPU
		{976E7927-3A7D-5A0C-AED2-E79C42FAC90F}.Release|Any CPU.ActiveCfg = Release|Any CPU
		{976E7927-3A7D-5A0C-AED2-E79C42FAC90F}.Release|Any CPU.Build.0 = Release|Any CPU
		{FF092A1E-DC10-CB5B-9735-03713D77762F}.Debug|Any CPU.ActiveCfg = Debug|Any CPU
		{FF092A1E-DC10-CB5B-9735-03713D77762F}.Debug|Any CPU.Build.0 = Debug|Any CPU
		{FF092A1E-DC10-CB5B-9735-03713D77762F}.Release|Any CPU.ActiveCfg = Release|Any CPU
		{FF092A1E-DC10-CB5B-9735-03713D77762F}.Release|Any CPU.Build.0 = Release|Any CPU
		{594E6135-B47F-DA6E-DD9D-5C81F0DD5596}.Debug|Any CPU.ActiveCfg = Debug|Any CPU
		{594E6135-B47F-DA6E-DD9D-5C81F0DD5596}.Debug|Any CPU.Build.0 = Debug|Any CPU
		{594E6135-B47F-DA6E-DD9D-5C81F0DD5596}.Release|Any CPU.ActiveCfg = Release|Any CPU
		{594E6135-B47F-DA6E-DD9D-5C81F0DD5596}.Release|Any CPU.Build.0 = Release|Any CPU
		{D7070269-8D6E-B127-7E64-2A80BB48D7CD}.Debug|Any CPU.ActiveCfg = Debug|Any CPU
		{D7070269-8D6E-B127-7E64-2A80BB48D7CD}.Debug|Any CPU.Build.0 = Debug|Any CPU
		{D7070269-8D6E-B127-7E64-2A80BB48D7CD}.Release|Any CPU.ActiveCfg = Release|Any CPU
		{D7070269-8D6E-B127-7E64-2A80BB48D7CD}.Release|Any CPU.Build.0 = Release|Any CPU
		{8926BD35-C08F-A597-5822-BC408A75FF9A}.Debug|Any CPU.ActiveCfg = Debug|Any CPU
		{8926BD35-C08F-A597-5822-BC408A75FF9A}.Debug|Any CPU.Build.0 = Debug|Any CPU
		{8926BD35-C08F-A597-5822-BC408A75FF9A}.Release|Any CPU.ActiveCfg = Release|Any CPU
		{8926BD35-C08F-A597-5822-BC408A75FF9A}.Release|Any CPU.Build.0 = Release|Any CPU
		{A82ABE18-8775-2409-41DE-C1F20F2A0F73}.Debug|Any CPU.ActiveCfg = Debug|Any CPU
		{A82ABE18-8775-2409-41DE-C1F20F2A0F73}.Debug|Any CPU.Build.0 = Debug|Any CPU
		{A82ABE18-8775-2409-41DE-C1F20F2A0F73}.Release|Any CPU.ActiveCfg = Release|Any CPU
		{A82ABE18-8775-2409-41DE-C1F20F2A0F73}.Release|Any CPU.Build.0 = Release|Any CPU
		{A6CC5737-A34C-64B3-DF35-6A0C2AC513BF}.Debug|Any CPU.ActiveCfg = Debug|Any CPU
		{A6CC5737-A34C-64B3-DF35-6A0C2AC513BF}.Debug|Any CPU.Build.0 = Debug|Any CPU
		{A6CC5737-A34C-64B3-DF35-6A0C2AC513BF}.Release|Any CPU.ActiveCfg = Release|Any CPU
		{A6CC5737-A34C-64B3-DF35-6A0C2AC513BF}.Release|Any CPU.Build.0 = Release|Any CPU
		{D1437386-1BBC-93EA-B20A-71C0F034B67C}.Debug|Any CPU.ActiveCfg = Debug|Any CPU
		{D1437386-1BBC-93EA-B20A-71C0F034B67C}.Debug|Any CPU.Build.0 = Debug|Any CPU
		{D1437386-1BBC-93EA-B20A-71C0F034B67C}.Release|Any CPU.ActiveCfg = Release|Any CPU
		{D1437386-1BBC-93EA-B20A-71C0F034B67C}.Release|Any CPU.Build.0 = Release|Any CPU
		{4B50731A-E3AF-DC34-CD72-85A786DE8341}.Debug|Any CPU.ActiveCfg = Debug|Any CPU
		{4B50731A-E3AF-DC34-CD72-85A786DE8341}.Debug|Any CPU.Build.0 = Debug|Any CPU
		{4B50731A-E3AF-DC34-CD72-85A786DE8341}.Release|Any CPU.ActiveCfg = Release|Any CPU
		{4B50731A-E3AF-DC34-CD72-85A786DE8341}.Release|Any CPU.Build.0 = Release|Any CPU
		{C73887D8-4987-BA10-3129-6F4AF92F889B}.Debug|Any CPU.ActiveCfg = Debug|Any CPU
		{C73887D8-4987-BA10-3129-6F4AF92F889B}.Debug|Any CPU.Build.0 = Debug|Any CPU
		{C73887D8-4987-BA10-3129-6F4AF92F889B}.Release|Any CPU.ActiveCfg = Release|Any CPU
		{C73887D8-4987-BA10-3129-6F4AF92F889B}.Release|Any CPU.Build.0 = Release|Any CPU
		{35B1C5F4-7BE4-3825-22FF-57A56A31377A}.Debug|Any CPU.ActiveCfg = Debug|Any CPU
		{35B1C5F4-7BE4-3825-22FF-57A56A31377A}.Debug|Any CPU.Build.0 = Debug|Any CPU
		{35B1C5F4-7BE4-3825-22FF-57A56A31377A}.Release|Any CPU.ActiveCfg = Release|Any CPU
		{35B1C5F4-7BE4-3825-22FF-57A56A31377A}.Release|Any CPU.Build.0 = Release|Any CPU
		{5495788C-7DBD-FF95-9221-C0DE031FF25D}.Debug|Any CPU.ActiveCfg = Debug|Any CPU
		{5495788C-7DBD-FF95-9221-C0DE031FF25D}.Debug|Any CPU.Build.0 = Debug|Any CPU
		{5495788C-7DBD-FF95-9221-C0DE031FF25D}.Release|Any CPU.ActiveCfg = Release|Any CPU
		{5495788C-7DBD-FF95-9221-C0DE031FF25D}.Release|Any CPU.Build.0 = Release|Any CPU
		{8BAEBE01-696B-F538-ADA6-44B2D13035DF}.Debug|Any CPU.ActiveCfg = Debug|Any CPU
		{8BAEBE01-696B-F538-ADA6-44B2D13035DF}.Debug|Any CPU.Build.0 = Debug|Any CPU
		{8BAEBE01-696B-F538-ADA6-44B2D13035DF}.Release|Any CPU.ActiveCfg = Release|Any CPU
		{8BAEBE01-696B-F538-ADA6-44B2D13035DF}.Release|Any CPU.Build.0 = Release|Any CPU
		{19BE5114-EF99-B484-C831-83D0EEE8DAEF}.Debug|Any CPU.ActiveCfg = Debug|Any CPU
		{19BE5114-EF99-B484-C831-83D0EEE8DAEF}.Debug|Any CPU.Build.0 = Debug|Any CPU
		{19BE5114-EF99-B484-C831-83D0EEE8DAEF}.Release|Any CPU.ActiveCfg = Release|Any CPU
		{19BE5114-EF99-B484-C831-83D0EEE8DAEF}.Release|Any CPU.Build.0 = Release|Any CPU
		{E0B6A83E-CA73-D976-B3BB-F4F0624268F8}.Debug|Any CPU.ActiveCfg = Debug|Any CPU
		{E0B6A83E-CA73-D976-B3BB-F4F0624268F8}.Debug|Any CPU.Build.0 = Debug|Any CPU
		{E0B6A83E-CA73-D976-B3BB-F4F0624268F8}.Release|Any CPU.ActiveCfg = Release|Any CPU
		{E0B6A83E-CA73-D976-B3BB-F4F0624268F8}.Release|Any CPU.Build.0 = Release|Any CPU
		{82F16402-96D2-193B-CEF3-9D28A3F130C1}.Debug|Any CPU.ActiveCfg = Debug|Any CPU
		{82F16402-96D2-193B-CEF3-9D28A3F130C1}.Debug|Any CPU.Build.0 = Debug|Any CPU
		{82F16402-96D2-193B-CEF3-9D28A3F130C1}.Release|Any CPU.ActiveCfg = Release|Any CPU
		{82F16402-96D2-193B-CEF3-9D28A3F130C1}.Release|Any CPU.Build.0 = Release|Any CPU
		{3B8A1D13-804A-2B0F-C8C2-AB84B0906762}.Debug|Any CPU.ActiveCfg = Debug|Any CPU
		{3B8A1D13-804A-2B0F-C8C2-AB84B0906762}.Debug|Any CPU.Build.0 = Debug|Any CPU
		{3B8A1D13-804A-2B0F-C8C2-AB84B0906762}.Release|Any CPU.ActiveCfg = Release|Any CPU
		{3B8A1D13-804A-2B0F-C8C2-AB84B0906762}.Release|Any CPU.Build.0 = Release|Any CPU
		{4D86CB5F-51E0-929F-B723-C5515DF40BED}.Debug|Any CPU.ActiveCfg = Debug|Any CPU
		{4D86CB5F-51E0-929F-B723-C5515DF40BED}.Debug|Any CPU.Build.0 = Debug|Any CPU
		{4D86CB5F-51E0-929F-B723-C5515DF40BED}.Release|Any CPU.ActiveCfg = Release|Any CPU
		{4D86CB5F-51E0-929F-B723-C5515DF40BED}.Release|Any CPU.Build.0 = Release|Any CPU
		{2B1FE1D2-0AB9-43DD-207A-BE18B24A29C3}.Debug|Any CPU.ActiveCfg = Debug|Any CPU
		{2B1FE1D2-0AB9-43DD-207A-BE18B24A29C3}.Debug|Any CPU.Build.0 = Debug|Any CPU
		{2B1FE1D2-0AB9-43DD-207A-BE18B24A29C3}.Release|Any CPU.ActiveCfg = Release|Any CPU
		{2B1FE1D2-0AB9-43DD-207A-BE18B24A29C3}.Release|Any CPU.Build.0 = Release|Any CPU
		{90E3C096-5B0B-02D7-886E-22F3A0ABB930}.Debug|Any CPU.ActiveCfg = Debug|Any CPU
		{90E3C096-5B0B-02D7-886E-22F3A0ABB930}.Debug|Any CPU.Build.0 = Debug|Any CPU
		{90E3C096-5B0B-02D7-886E-22F3A0ABB930}.Release|Any CPU.ActiveCfg = Release|Any CPU
		{90E3C096-5B0B-02D7-886E-22F3A0ABB930}.Release|Any CPU.Build.0 = Release|Any CPU
		{FD10BE69-C823-6E4B-5655-EEE3F47DCFFA}.Debug|Any CPU.ActiveCfg = Debug|Any CPU
		{FD10BE69-C823-6E4B-5655-EEE3F47DCFFA}.Debug|Any CPU.Build.0 = Debug|Any CPU
		{FD10BE69-C823-6E4B-5655-EEE3F47DCFFA}.Release|Any CPU.ActiveCfg = Release|Any CPU
		{FD10BE69-C823-6E4B-5655-EEE3F47DCFFA}.Release|Any CPU.Build.0 = Release|Any CPU
		{D13FD399-DB69-7EC0-53C6-CDFC3E3E846B}.Debug|Any CPU.ActiveCfg = Debug|Any CPU
		{D13FD399-DB69-7EC0-53C6-CDFC3E3E846B}.Debug|Any CPU.Build.0 = Debug|Any CPU
		{D13FD399-DB69-7EC0-53C6-CDFC3E3E846B}.Release|Any CPU.ActiveCfg = Release|Any CPU
		{D13FD399-DB69-7EC0-53C6-CDFC3E3E846B}.Release|Any CPU.Build.0 = Release|Any CPU
		{92D504F0-0732-2C0F-EA45-2BDAA39232B9}.Debug|Any CPU.ActiveCfg = Debug|Any CPU
		{92D504F0-0732-2C0F-EA45-2BDAA39232B9}.Debug|Any CPU.Build.0 = Debug|Any CPU
		{92D504F0-0732-2C0F-EA45-2BDAA39232B9}.Release|Any CPU.ActiveCfg = Release|Any CPU
		{92D504F0-0732-2C0F-EA45-2BDAA39232B9}.Release|Any CPU.Build.0 = Release|Any CPU
		{4B037FD8-3BB4-93D5-A8F7-75DA6F4FA6E7}.Debug|Any CPU.ActiveCfg = Debug|Any CPU
		{4B037FD8-3BB4-93D5-A8F7-75DA6F4FA6E7}.Debug|Any CPU.Build.0 = Debug|Any CPU
		{4B037FD8-3BB4-93D5-A8F7-75DA6F4FA6E7}.Release|Any CPU.ActiveCfg = Release|Any CPU
		{4B037FD8-3BB4-93D5-A8F7-75DA6F4FA6E7}.Release|Any CPU.Build.0 = Release|Any CPU
		{28BEFD2A-F8D0-5675-615F-20D368262A53}.Debug|Any CPU.ActiveCfg = Debug|Any CPU
		{28BEFD2A-F8D0-5675-615F-20D368262A53}.Debug|Any CPU.Build.0 = Debug|Any CPU
		{28BEFD2A-F8D0-5675-615F-20D368262A53}.Release|Any CPU.ActiveCfg = Release|Any CPU
		{28BEFD2A-F8D0-5675-615F-20D368262A53}.Release|Any CPU.Build.0 = Release|Any CPU
		{D94989EF-CE96-8084-EA7A-D2E45C051F80}.Debug|Any CPU.ActiveCfg = Debug|Any CPU
		{D94989EF-CE96-8084-EA7A-D2E45C051F80}.Debug|Any CPU.Build.0 = Debug|Any CPU
		{D94989EF-CE96-8084-EA7A-D2E45C051F80}.Release|Any CPU.ActiveCfg = Release|Any CPU
		{D94989EF-CE96-8084-EA7A-D2E45C051F80}.Release|Any CPU.Build.0 = Release|Any CPU
		{088FD8B1-8F29-8B2B-2CCB-69E3181C089D}.Debug|Any CPU.ActiveCfg = Debug|Any CPU
		{088FD8B1-8F29-8B2B-2CCB-69E3181C089D}.Debug|Any CPU.Build.0 = Debug|Any CPU
		{088FD8B1-8F29-8B2B-2CCB-69E3181C089D}.Release|Any CPU.ActiveCfg = Release|Any CPU
		{088FD8B1-8F29-8B2B-2CCB-69E3181C089D}.Release|Any CPU.Build.0 = Release|Any CPU
		{81ACA8F2-1408-E070-863E-5C41F9EE72A2}.Debug|Any CPU.ActiveCfg = Debug|Any CPU
		{81ACA8F2-1408-E070-863E-5C41F9EE72A2}.Debug|Any CPU.Build.0 = Debug|Any CPU
		{81ACA8F2-1408-E070-863E-5C41F9EE72A2}.Release|Any CPU.ActiveCfg = Release|Any CPU
		{81ACA8F2-1408-E070-863E-5C41F9EE72A2}.Release|Any CPU.Build.0 = Release|Any CPU
		{B79E8B6D-5120-A6FC-5CEA-1CC8FCEB21CA}.Debug|Any CPU.ActiveCfg = Debug|Any CPU
		{B79E8B6D-5120-A6FC-5CEA-1CC8FCEB21CA}.Debug|Any CPU.Build.0 = Debug|Any CPU
		{B79E8B6D-5120-A6FC-5CEA-1CC8FCEB21CA}.Release|Any CPU.ActiveCfg = Release|Any CPU
		{B79E8B6D-5120-A6FC-5CEA-1CC8FCEB21CA}.Release|Any CPU.Build.0 = Release|Any CPU
		{B7E2FF08-4BAC-C187-941B-CAAEC6A68E6D}.Debug|Any CPU.ActiveCfg = Debug|Any CPU
		{B7E2FF08-4BAC-C187-941B-CAAEC6A68E6D}.Debug|Any CPU.Build.0 = Debug|Any CPU
		{B7E2FF08-4BAC-C187-941B-CAAEC6A68E6D}.Release|Any CPU.ActiveCfg = Release|Any CPU
		{B7E2FF08-4BAC-C187-941B-CAAEC6A68E6D}.Release|Any CPU.Build.0 = Release|Any CPU
		{41E6DA22-9209-6B42-F498-B0899D6C839C}.Debug|Any CPU.ActiveCfg = Debug|Any CPU
		{41E6DA22-9209-6B42-F498-B0899D6C839C}.Debug|Any CPU.Build.0 = Debug|Any CPU
		{41E6DA22-9209-6B42-F498-B0899D6C839C}.Release|Any CPU.ActiveCfg = Release|Any CPU
		{41E6DA22-9209-6B42-F498-B0899D6C839C}.Release|Any CPU.Build.0 = Release|Any CPU
		{1EF251A9-394F-DCC0-EA79-D70A961EE989}.Debug|Any CPU.ActiveCfg = Debug|Any CPU
		{1EF251A9-394F-DCC0-EA79-D70A961EE989}.Debug|Any CPU.Build.0 = Debug|Any CPU
		{1EF251A9-394F-DCC0-EA79-D70A961EE989}.Release|Any CPU.ActiveCfg = Release|Any CPU
		{1EF251A9-394F-DCC0-EA79-D70A961EE989}.Release|Any CPU.Build.0 = Release|Any CPU
		{1DD3C1C8-1A2C-C37D-3959-E4CC3483BA8B}.Debug|Any CPU.ActiveCfg = Debug|Any CPU
		{1DD3C1C8-1A2C-C37D-3959-E4CC3483BA8B}.Debug|Any CPU.Build.0 = Debug|Any CPU
		{1DD3C1C8-1A2C-C37D-3959-E4CC3483BA8B}.Release|Any CPU.ActiveCfg = Release|Any CPU
		{1DD3C1C8-1A2C-C37D-3959-E4CC3483BA8B}.Release|Any CPU.Build.0 = Release|Any CPU
		{E635454F-D44A-F65B-1CDB-9D2152B301C7}.Debug|Any CPU.ActiveCfg = Debug|Any CPU
		{E635454F-D44A-F65B-1CDB-9D2152B301C7}.Debug|Any CPU.Build.0 = Debug|Any CPU
		{E635454F-D44A-F65B-1CDB-9D2152B301C7}.Release|Any CPU.ActiveCfg = Release|Any CPU
		{E635454F-D44A-F65B-1CDB-9D2152B301C7}.Release|Any CPU.Build.0 = Release|Any CPU
		{4A53314B-285E-4AAF-0AE7-0A1AD615026B}.Debug|Any CPU.ActiveCfg = Debug|Any CPU
		{4A53314B-285E-4AAF-0AE7-0A1AD615026B}.Debug|Any CPU.Build.0 = Debug|Any CPU
		{4A53314B-285E-4AAF-0AE7-0A1AD615026B}.Release|Any CPU.ActiveCfg = Release|Any CPU
		{4A53314B-285E-4AAF-0AE7-0A1AD615026B}.Release|Any CPU.Build.0 = Release|Any CPU
		{44008DC2-A980-62D6-0120-425F6C9CE0DC}.Debug|Any CPU.ActiveCfg = Debug|Any CPU
		{44008DC2-A980-62D6-0120-425F6C9CE0DC}.Debug|Any CPU.Build.0 = Debug|Any CPU
		{44008DC2-A980-62D6-0120-425F6C9CE0DC}.Release|Any CPU.ActiveCfg = Release|Any CPU
		{44008DC2-A980-62D6-0120-425F6C9CE0DC}.Release|Any CPU.Build.0 = Release|Any CPU
		{3E96FB0D-6081-C1B4-1F2D-70926B0BF83F}.Debug|Any CPU.ActiveCfg = Debug|Any CPU
		{3E96FB0D-6081-C1B4-1F2D-70926B0BF83F}.Debug|Any CPU.Build.0 = Debug|Any CPU
		{3E96FB0D-6081-C1B4-1F2D-70926B0BF83F}.Release|Any CPU.ActiveCfg = Release|Any CPU
		{3E96FB0D-6081-C1B4-1F2D-70926B0BF83F}.Release|Any CPU.Build.0 = Release|Any CPU
		{4F676F50-DB61-3A21-CF54-AE13DE5375A5}.Debug|Any CPU.ActiveCfg = Debug|Any CPU
		{4F676F50-DB61-3A21-CF54-AE13DE5375A5}.Debug|Any CPU.Build.0 = Debug|Any CPU
		{4F676F50-DB61-3A21-CF54-AE13DE5375A5}.Release|Any CPU.ActiveCfg = Release|Any CPU
		{4F676F50-DB61-3A21-CF54-AE13DE5375A5}.Release|Any CPU.Build.0 = Release|Any CPU
		{8D399A61-84F1-8B89-35C0-C441BB73F3C5}.Debug|Any CPU.ActiveCfg = Debug|Any CPU
		{8D399A61-84F1-8B89-35C0-C441BB73F3C5}.Debug|Any CPU.Build.0 = Debug|Any CPU
		{8D399A61-84F1-8B89-35C0-C441BB73F3C5}.Release|Any CPU.ActiveCfg = Release|Any CPU
		{8D399A61-84F1-8B89-35C0-C441BB73F3C5}.Release|Any CPU.Build.0 = Release|Any CPU
		{26DB963C-2206-5259-2167-CB8718AB2290}.Debug|Any CPU.ActiveCfg = Debug|Any CPU
		{26DB963C-2206-5259-2167-CB8718AB2290}.Debug|Any CPU.Build.0 = Debug|Any CPU
		{26DB963C-2206-5259-2167-CB8718AB2290}.Release|Any CPU.ActiveCfg = Release|Any CPU
		{26DB963C-2206-5259-2167-CB8718AB2290}.Release|Any CPU.Build.0 = Release|Any CPU
		{8CE42002-A69B-FE48-8C88-284F541D5200}.Debug|Any CPU.ActiveCfg = Debug|Any CPU
		{8CE42002-A69B-FE48-8C88-284F541D5200}.Debug|Any CPU.Build.0 = Debug|Any CPU
		{8CE42002-A69B-FE48-8C88-284F541D5200}.Release|Any CPU.ActiveCfg = Release|Any CPU
		{8CE42002-A69B-FE48-8C88-284F541D5200}.Release|Any CPU.Build.0 = Release|Any CPU
		{41256935-3598-F686-3485-D6C2F097BC95}.Debug|Any CPU.ActiveCfg = Debug|Any CPU
		{41256935-3598-F686-3485-D6C2F097BC95}.Debug|Any CPU.Build.0 = Debug|Any CPU
		{41256935-3598-F686-3485-D6C2F097BC95}.Release|Any CPU.ActiveCfg = Release|Any CPU
		{41256935-3598-F686-3485-D6C2F097BC95}.Release|Any CPU.Build.0 = Release|Any CPU
		{19FE8F26-0302-3E70-FCC6-939152292BB1}.Debug|Any CPU.ActiveCfg = Debug|Any CPU
		{19FE8F26-0302-3E70-FCC6-939152292BB1}.Debug|Any CPU.Build.0 = Debug|Any CPU
		{19FE8F26-0302-3E70-FCC6-939152292BB1}.Release|Any CPU.ActiveCfg = Release|Any CPU
		{19FE8F26-0302-3E70-FCC6-939152292BB1}.Release|Any CPU.Build.0 = Release|Any CPU
		{0D6EAF71-1D1B-12D9-4129-3B23E24D112E}.Debug|Any CPU.ActiveCfg = Debug|Any CPU
		{0D6EAF71-1D1B-12D9-4129-3B23E24D112E}.Debug|Any CPU.Build.0 = Debug|Any CPU
		{0D6EAF71-1D1B-12D9-4129-3B23E24D112E}.Release|Any CPU.ActiveCfg = Release|Any CPU
		{0D6EAF71-1D1B-12D9-4129-3B23E24D112E}.Release|Any CPU.Build.0 = Release|Any CPU
		{2D472A6D-09E0-60A8-BB56-312B6EC1B273}.Debug|Any CPU.ActiveCfg = Debug|Any CPU
		{2D472A6D-09E0-60A8-BB56-312B6EC1B273}.Debug|Any CPU.Build.0 = Debug|Any CPU
		{2D472A6D-09E0-60A8-BB56-312B6EC1B273}.Release|Any CPU.ActiveCfg = Release|Any CPU
		{2D472A6D-09E0-60A8-BB56-312B6EC1B273}.Release|Any CPU.Build.0 = Release|Any CPU
		{FF68C038-398C-230D-1D2F-3C344880621F}.Debug|Any CPU.ActiveCfg = Debug|Any CPU
		{FF68C038-398C-230D-1D2F-3C344880621F}.Debug|Any CPU.Build.0 = Debug|Any CPU
		{FF68C038-398C-230D-1D2F-3C344880621F}.Release|Any CPU.ActiveCfg = Release|Any CPU
		{FF68C038-398C-230D-1D2F-3C344880621F}.Release|Any CPU.Build.0 = Release|Any CPU
		{C0838694-1AA9-E3CF-D40A-E013DAD2FEF7}.Debug|Any CPU.ActiveCfg = Debug|Any CPU
		{C0838694-1AA9-E3CF-D40A-E013DAD2FEF7}.Debug|Any CPU.Build.0 = Debug|Any CPU
		{C0838694-1AA9-E3CF-D40A-E013DAD2FEF7}.Release|Any CPU.ActiveCfg = Release|Any CPU
		{C0838694-1AA9-E3CF-D40A-E013DAD2FEF7}.Release|Any CPU.Build.0 = Release|Any CPU
		{71E9DE56-B2DA-9161-239F-2CA8E74ABDEB}.Debug|Any CPU.ActiveCfg = Debug|Any CPU
		{71E9DE56-B2DA-9161-239F-2CA8E74ABDEB}.Debug|Any CPU.Build.0 = Debug|Any CPU
		{71E9DE56-B2DA-9161-239F-2CA8E74ABDEB}.Release|Any CPU.ActiveCfg = Release|Any CPU
		{71E9DE56-B2DA-9161-239F-2CA8E74ABDEB}.Release|Any CPU.Build.0 = Release|Any CPU
		{16CB3C22-5265-360C-090C-6CA5FB018274}.Debug|Any CPU.ActiveCfg = Debug|Any CPU
		{16CB3C22-5265-360C-090C-6CA5FB018274}.Debug|Any CPU.Build.0 = Debug|Any CPU
		{16CB3C22-5265-360C-090C-6CA5FB018274}.Release|Any CPU.ActiveCfg = Release|Any CPU
		{16CB3C22-5265-360C-090C-6CA5FB018274}.Release|Any CPU.Build.0 = Release|Any CPU
		{E1C629FD-1DB7-31D8-3E57-2F5263BE3F16}.Debug|Any CPU.ActiveCfg = Debug|Any CPU
		{E1C629FD-1DB7-31D8-3E57-2F5263BE3F16}.Debug|Any CPU.Build.0 = Debug|Any CPU
		{E1C629FD-1DB7-31D8-3E57-2F5263BE3F16}.Release|Any CPU.ActiveCfg = Release|Any CPU
		{E1C629FD-1DB7-31D8-3E57-2F5263BE3F16}.Release|Any CPU.Build.0 = Release|Any CPU
		{948F0F7D-67D5-F86D-3C27-DC2AA6FEC9A9}.Debug|Any CPU.ActiveCfg = Debug|Any CPU
		{948F0F7D-67D5-F86D-3C27-DC2AA6FEC9A9}.Debug|Any CPU.Build.0 = Debug|Any CPU
		{948F0F7D-67D5-F86D-3C27-DC2AA6FEC9A9}.Release|Any CPU.ActiveCfg = Release|Any CPU
		{948F0F7D-67D5-F86D-3C27-DC2AA6FEC9A9}.Release|Any CPU.Build.0 = Release|Any CPU
		{795F15DC-446A-902B-AE6A-FFCC681D5518}.Debug|Any CPU.ActiveCfg = Debug|Any CPU
		{795F15DC-446A-902B-AE6A-FFCC681D5518}.Debug|Any CPU.Build.0 = Debug|Any CPU
		{795F15DC-446A-902B-AE6A-FFCC681D5518}.Release|Any CPU.ActiveCfg = Release|Any CPU
		{795F15DC-446A-902B-AE6A-FFCC681D5518}.Release|Any CPU.Build.0 = Release|Any CPU
		{4943A481-53FB-1654-A0AE-035B41B131F2}.Debug|Any CPU.ActiveCfg = Debug|Any CPU
		{4943A481-53FB-1654-A0AE-035B41B131F2}.Debug|Any CPU.Build.0 = Debug|Any CPU
		{4943A481-53FB-1654-A0AE-035B41B131F2}.Release|Any CPU.ActiveCfg = Release|Any CPU
		{4943A481-53FB-1654-A0AE-035B41B131F2}.Release|Any CPU.Build.0 = Release|Any CPU
		{05CBCB4C-81AE-04E9-5AED-B9542393FB94}.Debug|Any CPU.ActiveCfg = Debug|Any CPU
		{05CBCB4C-81AE-04E9-5AED-B9542393FB94}.Debug|Any CPU.Build.0 = Debug|Any CPU
		{05CBCB4C-81AE-04E9-5AED-B9542393FB94}.Release|Any CPU.ActiveCfg = Release|Any CPU
		{05CBCB4C-81AE-04E9-5AED-B9542393FB94}.Release|Any CPU.Build.0 = Release|Any CPU
		{85876607-F44C-3E9F-CBD4-E35808A7A02C}.Debug|Any CPU.ActiveCfg = Debug|Any CPU
		{85876607-F44C-3E9F-CBD4-E35808A7A02C}.Debug|Any CPU.Build.0 = Debug|Any CPU
		{85876607-F44C-3E9F-CBD4-E35808A7A02C}.Release|Any CPU.ActiveCfg = Release|Any CPU
		{85876607-F44C-3E9F-CBD4-E35808A7A02C}.Release|Any CPU.Build.0 = Release|Any CPU
		{89022864-8106-8609-8817-A15CD32944D4}.Debug|Any CPU.ActiveCfg = Debug|Any CPU
		{89022864-8106-8609-8817-A15CD32944D4}.Debug|Any CPU.Build.0 = Debug|Any CPU
		{89022864-8106-8609-8817-A15CD32944D4}.Release|Any CPU.ActiveCfg = Release|Any CPU
		{89022864-8106-8609-8817-A15CD32944D4}.Release|Any CPU.Build.0 = Release|Any CPU
		{1FE170A4-08C7-457E-CA1A-73235C8AB335}.Debug|Any CPU.ActiveCfg = Debug|Any CPU
		{1FE170A4-08C7-457E-CA1A-73235C8AB335}.Debug|Any CPU.Build.0 = Debug|Any CPU
		{1FE170A4-08C7-457E-CA1A-73235C8AB335}.Release|Any CPU.ActiveCfg = Release|Any CPU
		{1FE170A4-08C7-457E-CA1A-73235C8AB335}.Release|Any CPU.Build.0 = Release|Any CPU
		{69B12546-D267-B0EC-E95B-272B515B4632}.Debug|Any CPU.ActiveCfg = Debug|Any CPU
		{69B12546-D267-B0EC-E95B-272B515B4632}.Debug|Any CPU.Build.0 = Debug|Any CPU
		{69B12546-D267-B0EC-E95B-272B515B4632}.Release|Any CPU.ActiveCfg = Release|Any CPU
		{69B12546-D267-B0EC-E95B-272B515B4632}.Release|Any CPU.Build.0 = Release|Any CPU
		{F1B1D8D1-E5E2-DD69-7C03-3525959B35CA}.Debug|Any CPU.ActiveCfg = Debug|Any CPU
		{F1B1D8D1-E5E2-DD69-7C03-3525959B35CA}.Debug|Any CPU.Build.0 = Debug|Any CPU
		{F1B1D8D1-E5E2-DD69-7C03-3525959B35CA}.Release|Any CPU.ActiveCfg = Release|Any CPU
		{F1B1D8D1-E5E2-DD69-7C03-3525959B35CA}.Release|Any CPU.Build.0 = Release|Any CPU
		{D11C0E80-8B78-4B36-974A-8223DF4D57AA}.Debug|Any CPU.ActiveCfg = Debug|Any CPU
		{D11C0E80-8B78-4B36-974A-8223DF4D57AA}.Debug|Any CPU.Build.0 = Debug|Any CPU
		{D11C0E80-8B78-4B36-974A-8223DF4D57AA}.Release|Any CPU.ActiveCfg = Release|Any CPU
		{D11C0E80-8B78-4B36-974A-8223DF4D57AA}.Release|Any CPU.Build.0 = Release|Any CPU
		{7C523CD2-1AE8-3E81-0DE9-E3714AC6E88A}.Debug|Any CPU.ActiveCfg = Debug|Any CPU
		{7C523CD2-1AE8-3E81-0DE9-E3714AC6E88A}.Debug|Any CPU.Build.0 = Debug|Any CPU
		{7C523CD2-1AE8-3E81-0DE9-E3714AC6E88A}.Release|Any CPU.ActiveCfg = Release|Any CPU
		{7C523CD2-1AE8-3E81-0DE9-E3714AC6E88A}.Release|Any CPU.Build.0 = Release|Any CPU
		{7FFF192A-2AA1-F874-455B-CAD621431CB6}.Debug|Any CPU.ActiveCfg = Debug|Any CPU
		{7FFF192A-2AA1-F874-455B-CAD621431CB6}.Debug|Any CPU.Build.0 = Debug|Any CPU
		{7FFF192A-2AA1-F874-455B-CAD621431CB6}.Release|Any CPU.ActiveCfg = Release|Any CPU
		{7FFF192A-2AA1-F874-455B-CAD621431CB6}.Release|Any CPU.Build.0 = Release|Any CPU
		{706C4F1C-CD1D-51EC-ACA6-254EBB76C1A7}.Debug|Any CPU.ActiveCfg = Debug|Any CPU
		{706C4F1C-CD1D-51EC-ACA6-254EBB76C1A7}.Debug|Any CPU.Build.0 = Debug|Any CPU
		{706C4F1C-CD1D-51EC-ACA6-254EBB76C1A7}.Release|Any CPU.ActiveCfg = Release|Any CPU
		{706C4F1C-CD1D-51EC-ACA6-254EBB76C1A7}.Release|Any CPU.Build.0 = Release|Any CPU
		{4A3658C5-1B58-E74E-BFD3-CEFA4BCC4A88}.Debug|Any CPU.ActiveCfg = Debug|Any CPU
		{4A3658C5-1B58-E74E-BFD3-CEFA4BCC4A88}.Debug|Any CPU.Build.0 = Debug|Any CPU
		{4A3658C5-1B58-E74E-BFD3-CEFA4BCC4A88}.Release|Any CPU.ActiveCfg = Release|Any CPU
		{4A3658C5-1B58-E74E-BFD3-CEFA4BCC4A88}.Release|Any CPU.Build.0 = Release|Any CPU
		{A130F88E-0C4A-7171-E88E-DB8BEE41C027}.Debug|Any CPU.ActiveCfg = Debug|Any CPU
		{A130F88E-0C4A-7171-E88E-DB8BEE41C027}.Debug|Any CPU.Build.0 = Debug|Any CPU
		{A130F88E-0C4A-7171-E88E-DB8BEE41C027}.Release|Any CPU.ActiveCfg = Release|Any CPU
		{A130F88E-0C4A-7171-E88E-DB8BEE41C027}.Release|Any CPU.Build.0 = Release|Any CPU
		{5AE6FE52-3475-3DCC-74D7-5200D5B147FA}.Debug|Any CPU.ActiveCfg = Debug|Any CPU
		{5AE6FE52-3475-3DCC-74D7-5200D5B147FA}.Debug|Any CPU.Build.0 = Debug|Any CPU
		{5AE6FE52-3475-3DCC-74D7-5200D5B147FA}.Release|Any CPU.ActiveCfg = Release|Any CPU
		{5AE6FE52-3475-3DCC-74D7-5200D5B147FA}.Release|Any CPU.Build.0 = Release|Any CPU
		{D065E067-DFC3-6B99-190D-FE4F21D8A1F7}.Debug|Any CPU.ActiveCfg = Debug|Any CPU
		{D065E067-DFC3-6B99-190D-FE4F21D8A1F7}.Debug|Any CPU.Build.0 = Debug|Any CPU
		{D065E067-DFC3-6B99-190D-FE4F21D8A1F7}.Release|Any CPU.ActiveCfg = Release|Any CPU
		{D065E067-DFC3-6B99-190D-FE4F21D8A1F7}.Release|Any CPU.Build.0 = Release|Any CPU
		{5BCF3405-420E-29BA-DC34-C26F5410F7A6}.Debug|Any CPU.ActiveCfg = Debug|Any CPU
		{5BCF3405-420E-29BA-DC34-C26F5410F7A6}.Debug|Any CPU.Build.0 = Debug|Any CPU
		{5BCF3405-420E-29BA-DC34-C26F5410F7A6}.Release|Any CPU.ActiveCfg = Release|Any CPU
		{5BCF3405-420E-29BA-DC34-C26F5410F7A6}.Release|Any CPU.Build.0 = Release|Any CPU
		{0C6A1733-E4B3-7843-895A-BBE964C16233}.Debug|Any CPU.ActiveCfg = Debug|Any CPU
		{0C6A1733-E4B3-7843-895A-BBE964C16233}.Debug|Any CPU.Build.0 = Debug|Any CPU
		{0C6A1733-E4B3-7843-895A-BBE964C16233}.Release|Any CPU.ActiveCfg = Release|Any CPU
		{0C6A1733-E4B3-7843-895A-BBE964C16233}.Release|Any CPU.Build.0 = Release|Any CPU
		{47E77A61-8015-01D7-FAE8-C4ABEF1DBEC7}.Debug|Any CPU.ActiveCfg = Debug|Any CPU
		{47E77A61-8015-01D7-FAE8-C4ABEF1DBEC7}.Debug|Any CPU.Build.0 = Debug|Any CPU
		{47E77A61-8015-01D7-FAE8-C4ABEF1DBEC7}.Release|Any CPU.ActiveCfg = Release|Any CPU
		{47E77A61-8015-01D7-FAE8-C4ABEF1DBEC7}.Release|Any CPU.Build.0 = Release|Any CPU
		{89EAB81B-D281-1E44-AB5B-16461D1FF5E9}.Debug|Any CPU.ActiveCfg = Debug|Any CPU
		{89EAB81B-D281-1E44-AB5B-16461D1FF5E9}.Debug|Any CPU.Build.0 = Debug|Any CPU
		{89EAB81B-D281-1E44-AB5B-16461D1FF5E9}.Release|Any CPU.ActiveCfg = Release|Any CPU
		{89EAB81B-D281-1E44-AB5B-16461D1FF5E9}.Release|Any CPU.Build.0 = Release|Any CPU
		{7CA24EB6-CDA9-9F26-C0AD-27C310EFC39A}.Debug|Any CPU.ActiveCfg = Debug|Any CPU
		{7CA24EB6-CDA9-9F26-C0AD-27C310EFC39A}.Debug|Any CPU.Build.0 = Debug|Any CPU
		{7CA24EB6-CDA9-9F26-C0AD-27C310EFC39A}.Release|Any CPU.ActiveCfg = Release|Any CPU
		{7CA24EB6-CDA9-9F26-C0AD-27C310EFC39A}.Release|Any CPU.Build.0 = Release|Any CPU
		{06B7D3A9-0CA0-1715-C890-44A7A0C953C3}.Debug|Any CPU.ActiveCfg = Debug|Any CPU
		{06B7D3A9-0CA0-1715-C890-44A7A0C953C3}.Debug|Any CPU.Build.0 = Debug|Any CPU
		{06B7D3A9-0CA0-1715-C890-44A7A0C953C3}.Release|Any CPU.ActiveCfg = Release|Any CPU
		{06B7D3A9-0CA0-1715-C890-44A7A0C953C3}.Release|Any CPU.Build.0 = Release|Any CPU
		{02ADC349-ECCF-B9D8-25A8-52D5AC6003F1}.Debug|Any CPU.ActiveCfg = Debug|Any CPU
		{02ADC349-ECCF-B9D8-25A8-52D5AC6003F1}.Debug|Any CPU.Build.0 = Debug|Any CPU
		{02ADC349-ECCF-B9D8-25A8-52D5AC6003F1}.Release|Any CPU.ActiveCfg = Release|Any CPU
		{02ADC349-ECCF-B9D8-25A8-52D5AC6003F1}.Release|Any CPU.Build.0 = Release|Any CPU
		{A382F528-7B01-2EF2-4179-52DBB49A6B9F}.Debug|Any CPU.ActiveCfg = Debug|Any CPU
		{A382F528-7B01-2EF2-4179-52DBB49A6B9F}.Debug|Any CPU.Build.0 = Debug|Any CPU
		{A382F528-7B01-2EF2-4179-52DBB49A6B9F}.Release|Any CPU.ActiveCfg = Release|Any CPU
		{A382F528-7B01-2EF2-4179-52DBB49A6B9F}.Release|Any CPU.Build.0 = Release|Any CPU
		{95E2B0C5-4B37-1C58-C32F-55817763B090}.Debug|Any CPU.ActiveCfg = Debug|Any CPU
		{95E2B0C5-4B37-1C58-C32F-55817763B090}.Debug|Any CPU.Build.0 = Debug|Any CPU
		{95E2B0C5-4B37-1C58-C32F-55817763B090}.Release|Any CPU.ActiveCfg = Release|Any CPU
		{95E2B0C5-4B37-1C58-C32F-55817763B090}.Release|Any CPU.Build.0 = Release|Any CPU
		{93D3C57D-77BF-DC59-3F0D-02AAE9DF18DC}.Debug|Any CPU.ActiveCfg = Debug|Any CPU
		{93D3C57D-77BF-DC59-3F0D-02AAE9DF18DC}.Debug|Any CPU.Build.0 = Debug|Any CPU
		{93D3C57D-77BF-DC59-3F0D-02AAE9DF18DC}.Release|Any CPU.ActiveCfg = Release|Any CPU
		{93D3C57D-77BF-DC59-3F0D-02AAE9DF18DC}.Release|Any CPU.Build.0 = Release|Any CPU
		{2CB78D72-0585-66D8-FE5C-32E569730277}.Debug|Any CPU.ActiveCfg = Debug|Any CPU
		{2CB78D72-0585-66D8-FE5C-32E569730277}.Debug|Any CPU.Build.0 = Debug|Any CPU
		{2CB78D72-0585-66D8-FE5C-32E569730277}.Release|Any CPU.ActiveCfg = Release|Any CPU
		{2CB78D72-0585-66D8-FE5C-32E569730277}.Release|Any CPU.Build.0 = Release|Any CPU
		{84ED96D2-A257-36EE-54EC-601F9F10EF1B}.Debug|Any CPU.ActiveCfg = Debug|Any CPU
		{84ED96D2-A257-36EE-54EC-601F9F10EF1B}.Debug|Any CPU.Build.0 = Debug|Any CPU
		{84ED96D2-A257-36EE-54EC-601F9F10EF1B}.Release|Any CPU.ActiveCfg = Release|Any CPU
		{84ED96D2-A257-36EE-54EC-601F9F10EF1B}.Release|Any CPU.Build.0 = Release|Any CPU
		{D1E81CAF-7E54-5F1D-7042-94B829CB9D33}.Debug|Any CPU.ActiveCfg = Debug|Any CPU
		{D1E81CAF-7E54-5F1D-7042-94B829CB9D33}.Debug|Any CPU.Build.0 = Debug|Any CPU
		{D1E81CAF-7E54-5F1D-7042-94B829CB9D33}.Release|Any CPU.ActiveCfg = Release|Any CPU
		{D1E81CAF-7E54-5F1D-7042-94B829CB9D33}.Release|Any CPU.Build.0 = Release|Any CPU
		{80702BDA-55BF-9B48-0B4C-D80F09CD0A9B}.Debug|Any CPU.ActiveCfg = Debug|Any CPU
		{80702BDA-55BF-9B48-0B4C-D80F09CD0A9B}.Debug|Any CPU.Build.0 = Debug|Any CPU
		{80702BDA-55BF-9B48-0B4C-D80F09CD0A9B}.Release|Any CPU.ActiveCfg = Release|Any CPU
		{80702BDA-55BF-9B48-0B4C-D80F09CD0A9B}.Release|Any CPU.Build.0 = Release|Any CPU
		{ABF3A888-A1F2-AF4A-CA88-91E2B0E8F899}.Debug|Any CPU.ActiveCfg = Debug|Any CPU
		{ABF3A888-A1F2-AF4A-CA88-91E2B0E8F899}.Debug|Any CPU.Build.0 = Debug|Any CPU
		{ABF3A888-A1F2-AF4A-CA88-91E2B0E8F899}.Release|Any CPU.ActiveCfg = Release|Any CPU
		{ABF3A888-A1F2-AF4A-CA88-91E2B0E8F899}.Release|Any CPU.Build.0 = Release|Any CPU
		{DB56CF93-1BBE-B29A-66F8-1B1E0906A9C8}.Debug|Any CPU.ActiveCfg = Debug|Any CPU
		{DB56CF93-1BBE-B29A-66F8-1B1E0906A9C8}.Debug|Any CPU.Build.0 = Debug|Any CPU
		{DB56CF93-1BBE-B29A-66F8-1B1E0906A9C8}.Release|Any CPU.ActiveCfg = Release|Any CPU
		{DB56CF93-1BBE-B29A-66F8-1B1E0906A9C8}.Release|Any CPU.Build.0 = Release|Any CPU
		{36FF657F-F279-BEBB-F17C-BBB294D22B27}.Debug|Any CPU.ActiveCfg = Debug|Any CPU
		{36FF657F-F279-BEBB-F17C-BBB294D22B27}.Debug|Any CPU.Build.0 = Debug|Any CPU
		{36FF657F-F279-BEBB-F17C-BBB294D22B27}.Release|Any CPU.ActiveCfg = Release|Any CPU
		{36FF657F-F279-BEBB-F17C-BBB294D22B27}.Release|Any CPU.Build.0 = Release|Any CPU
		{AF0EA34E-EFD3-2B51-7E0D-AAB38ECAE206}.Debug|Any CPU.ActiveCfg = Debug|Any CPU
		{AF0EA34E-EFD3-2B51-7E0D-AAB38ECAE206}.Debug|Any CPU.Build.0 = Debug|Any CPU
		{AF0EA34E-EFD3-2B51-7E0D-AAB38ECAE206}.Release|Any CPU.ActiveCfg = Release|Any CPU
		{AF0EA34E-EFD3-2B51-7E0D-AAB38ECAE206}.Release|Any CPU.Build.0 = Release|Any CPU
	EndGlobalSection
	GlobalSection(SolutionProperties) = preSolution
		HideSolutionNode = FALSE
	EndGlobalSection
EndGlobal
