
Microsoft Visual Studio Solution File, Format Version 12.00
# Visual Studio Version 17
VisualStudioVersion = 17.5.002.0
MinimumVisualStudioVersion = 10.0.40219.1
Project("{9A19103F-16F7-4668-BE54-9A1E7A4F7556}") = "EscapeRoomAPI", "EscapeRoomAPI.csproj", "{4CB64C20-4493-4466-A1CC-50B94C6C0E3C}"
EndProject
Global
	GlobalSection(SolutionConfigurationPlatforms) = preSolution
		Debug|Any CPU = Debug|Any CPU
		Release|Any CPU = Release|Any CPU
	EndGlobalSection
	GlobalSection(ProjectConfigurationPlatforms) = postSolution
		{4CB64C20-4493-4466-A1CC-50B94C6C0E3C}.Debug|Any CPU.ActiveCfg = Debug|Any CPU
		{4CB64C20-4493-4466-A1CC-50B94C6C0E3C}.Debug|Any CPU.Build.0 = Debug|Any CPU
		{4CB64C20-4493-4466-A1CC-50B94C6C0E3C}.Release|Any CPU.ActiveCfg = Release|Any CPU
		{4CB64C20-4493-4466-A1CC-50B94C6C0E3C}.Release|Any CPU.Build.0 = Release|Any CPU
	EndGlobalSection
	GlobalSection(SolutionProperties) = preSolution
		HideSolutionNode = FALSE
	EndGlobalSection
	GlobalSection(ExtensibilityGlobals) = postSolution
		SolutionGuid = {7517C525-B3CD-4E1A-AD7E-DBD6F5800425}
	EndGlobalSection
EndGlobal
